// !$*UTF8*$!
{
	archiveVersion = 1;
	classes = {
	};
	objectVersion = 46;
	objects = {

/* Begin PBXBuildFile section */
		9AAA30E21A67C4AE001D5B52 /* main.m in Sources */ = {isa = PBXBuildFile; fileRef = 9AAA30E11A67C4AE001D5B52 /* main.m */; };
		9AAA30E51A67C4AE001D5B52 /* AppDelegate.m in Sources */ = {isa = PBXBuildFile; fileRef = 9AAA30E41A67C4AE001D5B52 /* AppDelegate.m */; };
		9AAA30E81A67C4AE001D5B52 /* FirstViewController.m in Sources */ = {isa = PBXBuildFile; fileRef = 9AAA30E71A67C4AE001D5B52 /* FirstViewController.m */; };
		9AAA30EB1A67C4AE001D5B52 /* SecondViewController.m in Sources */ = {isa = PBXBuildFile; fileRef = 9AAA30EA1A67C4AE001D5B52 /* SecondViewController.m */; };
		9AAA30EE1A67C4AE001D5B52 /* Main.storyboard in Resources */ = {isa = PBXBuildFile; fileRef = 9AAA30EC1A67C4AE001D5B52 /* Main.storyboard */; };
		9AAA30F01A67C4AE001D5B52 /* Images.xcassets in Resources */ = {isa = PBXBuildFile; fileRef = 9AAA30EF1A67C4AE001D5B52 /* Images.xcassets */; };
		9AAA30F31A67C4AE001D5B52 /* LaunchScreen.xib in Resources */ = {isa = PBXBuildFile; fileRef = 9AAA30F11A67C4AE001D5B52 /* LaunchScreen.xib */; };
		9AAA30FF1A67C4AE001D5B52 /* vrecorderTests.m in Sources */ = {isa = PBXBuildFile; fileRef = 9AAA30FE1A67C4AE001D5B52 /* vrecorderTests.m */; };
/* End PBXBuildFile section */

/* Begin PBXContainerItemProxy section */
		9AAA30F91A67C4AE001D5B52 /* PBXContainerItemProxy */ = {
			isa = PBXContainerItemProxy;
			containerPortal = 9AAA30D41A67C4AE001D5B52 /* Project object */;
			proxyType = 1;
			remoteGlobalIDString = 9AAA30DB1A67C4AE001D5B52;
			remoteInfo = vrecorder;
		};
/* End PBXContainerItemProxy section */

/* Begin PBXFileReference section */
		9AAA30DC1A67C4AE001D5B52 /* vrecorder.app */ = {isa = PBXFileReference; explicitFileType = wrapper.application; includeInIndex = 0; path = vrecorder.app; sourceTree = BUILT_PRODUCTS_DIR; };
		9AAA30E01A67C4AE001D5B52 /* Info.plist */ = {isa = PBXFileReference; lastKnownFileType = text.plist.xml; path = Info.plist; sourceTree = "<group>"; };
		9AAA30E11A67C4AE001D5B52 /* main.m */ = {isa = PBXFileReference; lastKnownFileType = sourcecode.c.objc; path = main.m; sourceTree = "<group>"; };
		9AAA30E31A67C4AE001D5B52 /* AppDelegate.h */ = {isa = PBXFileReference; lastKnownFileType = sourcecode.c.h; path = AppDelegate.h; sourceTree = "<group>"; };
		9AAA30E41A67C4AE001D5B52 /* AppDelegate.m */ = {isa = PBXFileReference; lastKnownFileType = sourcecode.c.objc; path = AppDelegate.m; sourceTree = "<group>"; };
		9AAA30E61A67C4AE001D5B52 /* FirstViewController.h */ = {isa = PBXFileReference; lastKnownFileType = sourcecode.c.h; path = FirstViewController.h; sourceTree = "<group>"; };
		9AAA30E71A67C4AE001D5B52 /* FirstViewController.m */ = {isa = PBXFileReference; lastKnownFileType = sourcecode.c.objc; path = FirstViewController.m; sourceTree = "<group>"; };
		9AAA30E91A67C4AE001D5B52 /* SecondViewController.h */ = {isa = PBXFileReference; lastKnownFileType = sourcecode.c.h; path = SecondViewController.h; sourceTree = "<group>"; };
		9AAA30EA1A67C4AE001D5B52 /* SecondViewController.m */ = {isa = PBXFileReference; lastKnownFileType = sourcecode.c.objc; path = SecondViewController.m; sourceTree = "<group>"; };
		9AAA30ED1A67C4AE001D5B52 /* Base */ = {isa = PBXFileReference; lastKnownFileType = file.storyboard; name = Base; path = Base.lproj/Main.storyboard; sourceTree = "<group>"; };
		9AAA30EF1A67C4AE001D5B52 /* Images.xcassets */ = {isa = PBXFileReference; lastKnownFileType = folder.assetcatalog; path = Images.xcassets; sourceTree = "<group>"; };
		9AAA30F21A67C4AE001D5B52 /* Base */ = {isa = PBXFileReference; lastKnownFileType = file.xib; name = Base; path = Base.lproj/LaunchScreen.xib; sourceTree = "<group>"; };
		9AAA30F81A67C4AE001D5B52 /* vrecorderTests.xctest */ = {isa = PBXFileReference; explicitFileType = wrapper.cfbundle; includeInIndex = 0; path = vrecorderTests.xctest; sourceTree = BUILT_PRODUCTS_DIR; };
		9AAA30FD1A67C4AE001D5B52 /* Info.plist */ = {isa = PBXFileReference; lastKnownFileType = text.plist.xml; path = Info.plist; sourceTree = "<group>"; };
		9AAA30FE1A67C4AE001D5B52 /* vrecorderTests.m */ = {isa = PBXFileReference; lastKnownFileType = sourcecode.c.objc; path = vrecorderTests.m; sourceTree = "<group>"; };
/* End PBXFileReference section */

/* Begin PBXFrameworksBuildPhase section */
		9AAA30D91A67C4AE001D5B52 /* Frameworks */ = {
			isa = PBXFrameworksBuildPhase;
			buildActionMask = 2147483647;
			files = (
			);
			runOnlyForDeploymentPostprocessing = 0;
		};
		9AAA30F51A67C4AE001D5B52 /* Frameworks */ = {
			isa = PBXFrameworksBuildPhase;
			buildActionMask = 2147483647;
			files = (
			);
			runOnlyForDeploymentPostprocessing = 0;
		};
/* End PBXFrameworksBuildPhase section */

/* Begin PBXGroup section */
		9AAA30D31A67C4AE001D5B52 = {
			isa = PBXGroup;
			children = (
				9AAA30DE1A67C4AE001D5B52 /* vrecorder */,
				9AAA30FB1A67C4AE001D5B52 /* vrecorderTests */,
				9AAA30DD1A67C4AE001D5B52 /* Products */,
			);
			sourceTree = "<group>";
		};
		9AAA30DD1A67C4AE001D5B52 /* Products */ = {
			isa = PBXGroup;
			children = (
				9AAA30DC1A67C4AE001D5B52 /* vrecorder.app */,
				9AAA30F81A67C4AE001D5B52 /* vrecorderTests.xctest */,
			);
			name = Products;
			sourceTree = "<group>";
		};
		9AAA30DE1A67C4AE001D5B52 /* vrecorder */ = {
			isa = PBXGroup;
			children = (
				9AAA30E31A67C4AE001D5B52 /* AppDelegate.h */,
				9AAA30E41A67C4AE001D5B52 /* AppDelegate.m */,
				9AAA30E61A67C4AE001D5B52 /* FirstViewController.h */,
				9AAA30E71A67C4AE001D5B52 /* FirstViewController.m */,
				9AAA30E91A67C4AE001D5B52 /* SecondViewController.h */,
				9AAA30EA1A67C4AE001D5B52 /* SecondViewController.m */,
				9AAA30EC1A67C4AE001D5B52 /* Main.storyboard */,
				9AAA30EF1A67C4AE001D5B52 /* Images.xcassets */,
				9AAA30F11A67C4AE001D5B52 /* LaunchScreen.xib */,
				9AAA30DF1A67C4AE001D5B52 /* Supporting Files */,
			);
			path = vrecorder;
			sourceTree = "<group>";
		};
		9AAA30DF1A67C4AE001D5B52 /* Supporting Files */ = {
			isa = PBXGroup;
			children = (
				9AAA30E01A67C4AE001D5B52 /* Info.plist */,
				9AAA30E11A67C4AE001D5B52 /* main.m */,
			);
			name = "Supporting Files";
			sourceTree = "<group>";
		};
		9AAA30FB1A67C4AE001D5B52 /* vrecorderTests */ = {
			isa = PBXGroup;
			children = (
				9AAA30FE1A67C4AE001D5B52 /* vrecorderTests.m */,
				9AAA30FC1A67C4AE001D5B52 /* Supporting Files */,
			);
			path = vrecorderTests;
			sourceTree = "<group>";
		};
		9AAA30FC1A67C4AE001D5B52 /* Supporting Files */ = {
			isa = PBXGroup;
			children = (
				9AAA30FD1A67C4AE001D5B52 /* Info.plist */,
			);
			name = "Supporting Files";
			sourceTree = "<group>";
		};
/* End PBXGroup section */

/* Begin PBXNativeTarget section */
		9AAA30DB1A67C4AE001D5B52 /* vrecorder */ = {
			isa = PBXNativeTarget;
			buildConfigurationList = 9AAA31021A67C4AE001D5B52 /* Build configuration list for PBXNativeTarget "vrecorder" */;
			buildPhases = (
				9AAA30D81A67C4AE001D5B52 /* Sources */,
				9AAA30D91A67C4AE001D5B52 /* Frameworks */,
				9AAA30DA1A67C4AE001D5B52 /* Resources */,
			);
			buildRules = (
			);
			dependencies = (
			);
			name = vrecorder;
			productName = vrecorder;
			productReference = 9AAA30DC1A67C4AE001D5B52 /* vrecorder.app */;
			productType = "com.apple.product-type.application";
		};
		9AAA30F71A67C4AE001D5B52 /* vrecorderTests */ = {
			isa = PBXNativeTarget;
			buildConfigurationList = 9AAA31051A67C4AE001D5B52 /* Build configuration list for PBXNativeTarget "vrecorderTests" */;
			buildPhases = (
				9AAA30F41A67C4AE001D5B52 /* Sources */,
				9AAA30F51A67C4AE001D5B52 /* Frameworks */,
				9AAA30F61A67C4AE001D5B52 /* Resources */,
			);
			buildRules = (
			);
			dependencies = (
				9AAA30FA1A67C4AE001D5B52 /* PBXTargetDependency */,
			);
			name = vrecorderTests;
			productName = vrecorderTests;
			productReference = 9AAA30F81A67C4AE001D5B52 /* vrecorderTests.xctest */;
			productType = "com.apple.product-type.bundle.unit-test";
		};
/* End PBXNativeTarget section */

/* Begin PBXProject section */
		9AAA30D41A67C4AE001D5B52 /* Project object */ = {
			isa = PBXProject;
			attributes = {
				LastUpgradeCheck = 0610;
				ORGANIZATIONNAME = Zealtek;
				TargetAttributes = {
					9AAA30DB1A67C4AE001D5B52 = {
						CreatedOnToolsVersion = 6.1.1;
					};
					9AAA30F71A67C4AE001D5B52 = {
						CreatedOnToolsVersion = 6.1.1;
						TestTargetID = 9AAA30DB1A67C4AE001D5B52;
					};
				};
			};
			buildConfigurationList = 9AAA30D71A67C4AE001D5B52 /* Build configuration list for PBXProject "vrecorder" */;
			compatibilityVersion = "Xcode 3.2";
			developmentRegion = English;
			hasScannedForEncodings = 0;
			knownRegions = (
				en,
				Base,
			);
			mainGroup = 9AAA30D31A67C4AE001D5B52;
			productRefGroup = 9AAA30DD1A67C4AE001D5B52 /* Products */;
			projectDirPath = "";
			projectRoot = "";
			targets = (
				9AAA30DB1A67C4AE001D5B52 /* vrecorder */,
				9AAA30F71A67C4AE001D5B52 /* vrecorderTests */,
			);
		};
/* End PBXProject section */

/* Begin PBXResourcesBuildPhase section */
		9AAA30DA1A67C4AE001D5B52 /* Resources */ = {
			isa = PBXResourcesBuildPhase;
			buildActionMask = 2147483647;
			files = (
				9AAA30EE1A67C4AE001D5B52 /* Main.storyboard in Resources */,
				9AAA30F31A67C4AE001D5B52 /* LaunchScreen.xib in Resources */,
				9AAA30F01A67C4AE001D5B52 /* Images.xcassets in Resources */,
			);
			runOnlyForDeploymentPostprocessing = 0;
		};
		9AAA30F61A67C4AE001D5B52 /* Resources */ = {
			isa = PBXResourcesBuildPhase;
			buildActionMask = 2147483647;
			files = (
			);
			runOnlyForDeploymentPostprocessing = 0;
		};
/* End PBXResourcesBuildPhase section */

/* Begin PBXSourcesBuildPhase section */
		9AAA30D81A67C4AE001D5B52 /* Sources */ = {
			isa = PBXSourcesBuildPhase;
			buildActionMask = 2147483647;
			files = (
				9AAA30EB1A67C4AE001D5B52 /* SecondViewController.m in Sources */,
				9AAA30E51A67C4AE001D5B52 /* AppDelegate.m in Sources */,
				9AAA30E81A67C4AE001D5B52 /* FirstViewController.m in Sources */,
				9AAA30E21A67C4AE001D5B52 /* main.m in Sources */,
			);
			runOnlyForDeploymentPostprocessing = 0;
		};
		9AAA30F41A67C4AE001D5B52 /* Sources */ = {
			isa = PBXSourcesBuildPhase;
			buildActionMask = 2147483647;
			files = (
				9AAA30FF1A67C4AE001D5B52 /* vrecorderTests.m in Sources */,
			);
			runOnlyForDeploymentPostprocessing = 0;
		};
/* End PBXSourcesBuildPhase section */

/* Begin PBXTargetDependency section */
		9AAA30FA1A67C4AE001D5B52 /* PBXTargetDependency */ = {
			isa = PBXTargetDependency;
			target = 9AAA30DB1A67C4AE001D5B52 /* vrecorder */;
			targetProxy = 9AAA30F91A67C4AE001D5B52 /* PBXContainerItemProxy */;
		};
/* End PBXTargetDependency section */

/* Begin PBXVariantGroup section */
		9AAA30EC1A67C4AE001D5B52 /* Main.storyboard */ = {
			isa = PBXVariantGroup;
			children = (
				9AAA30ED1A67C4AE001D5B52 /* Base */,
			);
			name = Main.storyboard;
			sourceTree = "<group>";
		};
		9AAA30F11A67C4AE001D5B52 /* LaunchScreen.xib */ = {
			isa = PBXVariantGroup;
			children = (
				9AAA30F21A67C4AE001D5B52 /* Base */,
			);
			name = LaunchScreen.xib;
			sourceTree = "<group>";
		};
/* End PBXVariantGroup section */

/* Begin XCBuildConfiguration section */
		9AAA31001A67C4AE001D5B52 /* Debug */ = {
			isa = XCBuildConfiguration;
			buildSettings = {
				ALWAYS_SEARCH_USER_PATHS = NO;
				CLANG_CXX_LANGUAGE_STANDARD = "gnu++0x";
				CLANG_CXX_LIBRARY = "libc++";
				CLANG_ENABLE_MODULES = YES;
				CLANG_ENABLE_OBJC_ARC = YES;
				CLANG_WARN_BOOL_CONVERSION = YES;
				CLANG_WARN_CONSTANT_CONVERSION = YES;
				CLANG_WARN_DIRECT_OBJC_ISA_USAGE = YES_ERROR;
				CLANG_WARN_EMPTY_BODY = YES;
				CLANG_WARN_ENUM_CONVERSION = YES;
				CLANG_WARN_INT_CONVERSION = YES;
				CLANG_WARN_OBJC_ROOT_CLASS = YES_ERROR;
				CLANG_WARN_UNREACHABLE_CODE = YES;
				CLANG_WARN__DUPLICATE_METHOD_MATCH = YES;
				"CODE_SIGN_IDENTITY[sdk=iphoneos*]" = "iPhone Developer";
				COPY_PHASE_STRIP = NO;
				ENABLE_STRICT_OBJC_MSGSEND = YES;
				GCC_C_LANGUAGE_STANDARD = gnu99;
				GCC_DYNAMIC_NO_PIC = NO;
				GCC_OPTIMIZATION_LEVEL = 0;
				GCC_PREPROCESSOR_DEFINITIONS = (
					"DEBUG=1",
					"$(inherited)",
				);
				GCC_SYMBOLS_PRIVATE_EXTERN = NO;
				GCC_WARN_64_TO_32_BIT_CONVERSION = YES;
				GCC_WARN_ABOUT_RETURN_TYPE = YES_ERROR;
				GCC_WARN_UNDECLARED_SELECTOR = YES;
				GCC_WARN_UNINITIALIZED_AUTOS = YES_AGGRESSIVE;
				GCC_WARN_UNUSED_FUNCTION = YES;
				GCC_WARN_UNUSED_VARIABLE = YES;
				IPHONEOS_DEPLOYMENT_TARGET = 8.1;
				MTL_ENABLE_DEBUG_INFO = YES;
				ONLY_ACTIVE_ARCH = YES;
				SDKROOT = iphoneos;
				TARGETED_DEVICE_FAMILY = "1,2";
			};
			name = Debug;
		};
		9AAA31011A67C4AE001D5B52 /* Release */ = {
			isa = XCBuildConfiguration;
			buildSettings = {
				ALWAYS_SEARCH_USER_PATHS = NO;
				CLANG_CXX_LANGUAGE_STANDARD = "gnu++0x";
				CLANG_CXX_LIBRARY = "libc++";
				CLANG_ENABLE_MODULES = YES;
				CLANG_ENABLE_OBJC_ARC = YES;
				CLANG_WARN_BOOL_CONVERSION = YES;
				CLANG_WARN_CONSTANT_CONVERSION = YES;
				CLANG_WARN_DIRECT_OBJC_ISA_USAGE = YES_ERROR;
				CLANG_WARN_EMPTY_BODY = YES;
				CLANG_WARN_ENUM_CONVERSION = YES;
				CLANG_WARN_INT_CONVERSION = YES;
				CLANG_WARN_OBJC_ROOT_CLASS = YES_ERROR;
				CLANG_WARN_UNREACHABLE_CODE = YES;
				CLANG_WARN__DUPLICATE_METHOD_MATCH = YES;
				"CODE_SIGN_IDENTITY[sdk=iphoneos*]" = "iPhone Developer";
				COPY_PHASE_STRIP = YES;
				ENABLE_NS_ASSERTIONS = NO;
				ENABLE_STRICT_OBJC_MSGSEND = YES;
				GCC_C_LANGUAGE_STANDARD = gnu99;
				GCC_WARN_64_TO_32_BIT_CONVERSION = YES;
				GCC_WARN_ABOUT_RETURN_TYPE = YES_ERROR;
				GCC_WARN_UNDECLARED_SELECTOR = YES;
				GCC_WARN_UNINITIALIZED_AUTOS = YES_AGGRESSIVE;
				GCC_WARN_UNUSED_FUNCTION = YES;
				GCC_WARN_UNUSED_VARIABLE = YES;
				IPHONEOS_DEPLOYMENT_TARGET = 8.1;
				MTL_ENABLE_DEBUG_INFO = NO;
				SDKROOT = iphoneos;
				TARGETED_DEVICE_FAMILY = "1,2";
				VALIDATE_PRODUCT = YES;
			};
			name = Release;
		};
		9AAA31031A67C4AE001D5B52 /* Debug */ = {
			isa = XCBuildConfiguration;
			buildSettings = {
				ASSETCATALOG_COMPILER_APPICON_NAME = AppIcon;
				INFOPLIST_FILE = vrecorder/Info.plist;
				LD_RUNPATH_SEARCH_PATHS = "$(inherited) @executable_path/Frameworks";
				PRODUCT_NAME = "$(TARGET_NAME)";
			};
			name = Debug;
		};
		9AAA31041A67C4AE001D5B52 /* Release */ = {
			isa = XCBuildConfiguration;
			buildSettings = {
				ASSETCATALOG_COMPILER_APPICON_NAME = AppIcon;
				INFOPLIST_FILE = vrecorder/Info.plist;
				LD_RUNPATH_SEARCH_PATHS = "$(inherited) @executable_path/Frameworks";
				PRODUCT_NAME = "$(TARGET_NAME)";
			};
			name = Release;
		};
		9AAA31061A67C4AE001D5B52 /* Debug */ = {
			isa = XCBuildConfiguration;
			buildSettings = {
				BUNDLE_LOADER = "$(TEST_HOST)";
				FRAMEWORK_SEARCH_PATHS = (
					"$(SDKROOT)/Developer/Library/Frameworks",
					"$(inherited)",
				);
				GCC_PREPROCESSOR_DEFINITIONS = (
					"DEBUG=1",
					"$(inherited)",
				);
				INFOPLIST_FILE = vrecorderTests/Info.plist;
				LD_RUNPATH_SEARCH_PATHS = "$(inherited) @executable_path/Frameworks @loader_path/Frameworks";
				PRODUCT_NAME = "$(TARGET_NAME)";
				TEST_HOST = "$(BUILT_PRODUCTS_DIR)/vrecorder.app/vrecorder";
			};
			name = Debug;
		};
		9AAA31071A67C4AE001D5B52 /* Release */ = {
			isa = XCBuildConfiguration;
			buildSettings = {
				BUNDLE_LOADER = "$(TEST_HOST)";
				FRAMEWORK_SEARCH_PATHS = (
					"$(SDKROOT)/Developer/Library/Frameworks",
					"$(inherited)",
				);
				INFOPLIST_FILE = vrecorderTests/Info.plist;
				LD_RUNPATH_SEARCH_PATHS = "$(inherited) @executable_path/Frameworks @loader_path/Frameworks";
				PRODUCT_NAME = "$(TARGET_NAME)";
				TEST_HOST = "$(BUILT_PRODUCTS_DIR)/vrecorder.app/vrecorder";
			};
			name = Release;
		};
/* End XCBuildConfiguration section */

/* Begin XCConfigurationList section */
		9AAA30D71A67C4AE001D5B52 /* Build configuration list for PBXProject "vrecorder" */ = {
			isa = XCConfigurationList;
			buildConfigurations = (
				9AAA31001A67C4AE001D5B52 /* Debug */,
				9AAA31011A67C4AE001D5B52 /* Release */,
			);
			defaultConfigurationIsVisible = 0;
			defaultConfigurationName = Release;
		};
		9AAA31021A67C4AE001D5B52 /* Build configuration list for PBXNativeTarget "vrecorder" */ = {
			isa = XCConfigurationList;
			buildConfigurations = (
				9AAA31031A67C4AE001D5B52 /* Debug */,
				9AAA31041A67C4AE001D5B52 /* Release */,
			);
			defaultConfigurationIsVisible = 0;
		};
		9AAA31051A67C4AE001D5B52 /* Build configuration list for PBXNativeTarget "vrecorderTests" */ = {
			isa = XCConfigurationList;
			buildConfigurations = (
				9AAA31061A67C4AE001D5B52 /* Debug */,
				9AAA31071A67C4AE001D5B52 /* Release */,
			);
			defaultConfigurationIsVisible = 0;
		};
/* End XCConfigurationList section */
	};
	rootObject = 9AAA30D41A67C4AE001D5B52 /* Project object */;
}
