// !$*UTF8*$!
{
	archiveVersion = 1;
	classes = {
	};
	objectVersion = 46;
	objects = {

/* Begin PBXBuildFile section */
		9A2FE8E51A690F980008C4D6 /* BTServer.m in Sources */ = {isa = PBXBuildFile; fileRef = 9A2FE8E41A690F980008C4D6 /* BTServer.m */; };
		9A3D3FAC1A6E549900852006 /* BLEDevInfo.m in Sources */ = {isa = PBXBuildFile; fileRef = 9A3D3FAB1A6E549900852006 /* BLEDevInfo.m */; };
		9A3D3FAF1A6E750D00852006 /* BLEUtility.m in Sources */ = {isa = PBXBuildFile; fileRef = 9A3D3FAE1A6E750D00852006 /* BLEUtility.m */; };
		9A3D3FB21A6E79C600852006 /* PeriperalInfo.m in Sources */ = {isa = PBXBuildFile; fileRef = 9A3D3FB11A6E79C600852006 /* PeriperalInfo.m */; };
		9A40B1E01A6F71FD003C96D5 /* CoreBluetooth.framework in Frameworks */ = {isa = PBXBuildFile; fileRef = 9A40B1DF1A6F71FD003C96D5 /* CoreBluetooth.framework */; };
		9AAA314E1A67E845001D5B52 /* main.m in Sources */ = {isa = PBXBuildFile; fileRef = 9AAA314D1A67E845001D5B52 /* main.m */; };
		9AAA31511A67E845001D5B52 /* AppDelegate.m in Sources */ = {isa = PBXBuildFile; fileRef = 9AAA31501A67E845001D5B52 /* AppDelegate.m */; };
		9AAA31541A67E845001D5B52 /* RecordViewController.m in Sources */ = {isa = PBXBuildFile; fileRef = 9AAA31531A67E845001D5B52 /* RecordViewController.m */; };
		9AAA31571A67E845001D5B52 /* ScanViewController.m in Sources */ = {isa = PBXBuildFile; fileRef = 9AAA31561A67E845001D5B52 /* ScanViewController.m */; };
		9AAA315A1A67E845001D5B52 /* Main.storyboard in Resources */ = {isa = PBXBuildFile; fileRef = 9AAA31581A67E845001D5B52 /* Main.storyboard */; };
		9AAA315C1A67E845001D5B52 /* Images.xcassets in Resources */ = {isa = PBXBuildFile; fileRef = 9AAA315B1A67E845001D5B52 /* Images.xcassets */; };
		9AAA315F1A67E845001D5B52 /* LaunchScreen.xib in Resources */ = {isa = PBXBuildFile; fileRef = 9AAA315D1A67E845001D5B52 /* LaunchScreen.xib */; };
		9AAA316B1A67E845001D5B52 /* cubeTests.m in Sources */ = {isa = PBXBuildFile; fileRef = 9AAA316A1A67E845001D5B52 /* cubeTests.m */; };
		9AAA320C1A67EDA0001D5B52 /* MBProgressHUD.m in Sources */ = {isa = PBXBuildFile; fileRef = 9AAA320B1A67EDA0001D5B52 /* MBProgressHUD.m */; };
		9AAA320E1A67EDFC001D5B52 /* UIKit.framework in Frameworks */ = {isa = PBXBuildFile; fileRef = 9AAA320D1A67EDFC001D5B52 /* UIKit.framework */; };
		9AAA32101A67EE11001D5B52 /* CoreGraphics.framework in Frameworks */ = {isa = PBXBuildFile; fileRef = 9AAA320F1A67EE11001D5B52 /* CoreGraphics.framework */; };
		9AAA32121A67EE37001D5B52 /* Foundation.framework in Frameworks */ = {isa = PBXBuildFile; fileRef = 9AAA32111A67EE37001D5B52 /* Foundation.framework */; };
		9AC4C08D1A7A0959008E72BE /* BLEServer.m in Sources */ = {isa = PBXBuildFile; fileRef = 9AC4C08C1A7A0959008E72BE /* BLEServer.m */; };
		9AC7C6C51A821D1700EFAE59 /* BatteryService.m in Sources */ = {isa = PBXBuildFile; fileRef = 9AC7C6C41A821D1700EFAE59 /* BatteryService.m */; };
/* End PBXBuildFile section */

/* Begin PBXContainerItemProxy section */
		9AAA31651A67E845001D5B52 /* PBXContainerItemProxy */ = {
			isa = PBXContainerItemProxy;
			containerPortal = 9AAA31401A67E845001D5B52 /* Project object */;
			proxyType = 1;
			remoteGlobalIDString = 9AAA31471A67E845001D5B52;
			remoteInfo = cube;
		};
/* End PBXContainerItemProxy section */

/* Begin PBXFileReference section */
		9A2FE8E41A690F980008C4D6 /* BTServer.m */ = {isa = PBXFileReference; fileEncoding = 4; lastKnownFileType = sourcecode.c.objc; path = BTServer.m; sourceTree = "<group>"; };
		9A2FE8E61A690FA30008C4D6 /* BTServer.h */ = {isa = PBXFileReference; fileEncoding = 4; lastKnownFileType = sourcecode.c.h; path = BTServer.h; sourceTree = "<group>"; };
		9A3808D91A710810009F3B10 /* DbgMsg.h */ = {isa = PBXFileReference; fileEncoding = 4; lastKnownFileType = sourcecode.c.h; path = DbgMsg.h; sourceTree = "<group>"; };
		9A3D3FAB1A6E549900852006 /* BLEDevInfo.m */ = {isa = PBXFileReference; fileEncoding = 4; lastKnownFileType = sourcecode.c.objc; path = BLEDevInfo.m; sourceTree = "<group>"; };
		9A3D3FAD1A6E54BD00852006 /* BLEDevInfo.h */ = {isa = PBXFileReference; lastKnownFileType = sourcecode.c.h; path = BLEDevInfo.h; sourceTree = "<group>"; };
		9A3D3FAE1A6E750D00852006 /* BLEUtility.m */ = {isa = PBXFileReference; fileEncoding = 4; lastKnownFileType = sourcecode.c.objc; path = BLEUtility.m; sourceTree = "<group>"; };
		9A3D3FB01A6E751700852006 /* BLEUtility.h */ = {isa = PBXFileReference; fileEncoding = 4; lastKnownFileType = sourcecode.c.h; path = BLEUtility.h; sourceTree = "<group>"; };
		9A3D3FB11A6E79C600852006 /* PeriperalInfo.m */ = {isa = PBXFileReference; fileEncoding = 4; lastKnownFileType = sourcecode.c.objc; path = PeriperalInfo.m; sourceTree = "<group>"; };
		9A3D3FB31A6E79CD00852006 /* PeriperalInfo.h */ = {isa = PBXFileReference; fileEncoding = 4; lastKnownFileType = sourcecode.c.h; path = PeriperalInfo.h; sourceTree = "<group>"; };
		9A40B1DF1A6F71FD003C96D5 /* CoreBluetooth.framework */ = {isa = PBXFileReference; lastKnownFileType = wrapper.framework; name = CoreBluetooth.framework; path = System/Library/Frameworks/CoreBluetooth.framework; sourceTree = SDKROOT; };
		9AAA31481A67E845001D5B52 /* cube.app */ = {isa = PBXFileReference; explicitFileType = wrapper.application; includeInIndex = 0; path = cube.app; sourceTree = BUILT_PRODUCTS_DIR; };
		9AAA314C1A67E845001D5B52 /* Info.plist */ = {isa = PBXFileReference; lastKnownFileType = text.plist.xml; path = Info.plist; sourceTree = "<group>"; };
		9AAA314D1A67E845001D5B52 /* main.m */ = {isa = PBXFileReference; lastKnownFileType = sourcecode.c.objc; path = main.m; sourceTree = "<group>"; };
		9AAA314F1A67E845001D5B52 /* AppDelegate.h */ = {isa = PBXFileReference; lastKnownFileType = sourcecode.c.h; path = AppDelegate.h; sourceTree = "<group>"; };
		9AAA31501A67E845001D5B52 /* AppDelegate.m */ = {isa = PBXFileReference; lastKnownFileType = sourcecode.c.objc; path = AppDelegate.m; sourceTree = "<group>"; };
		9AAA31521A67E845001D5B52 /* RecordViewController.h */ = {isa = PBXFileReference; lastKnownFileType = sourcecode.c.h; path = RecordViewController.h; sourceTree = "<group>"; };
		9AAA31531A67E845001D5B52 /* RecordViewController.m */ = {isa = PBXFileReference; lastKnownFileType = sourcecode.c.objc; path = RecordViewController.m; sourceTree = "<group>"; };
		9AAA31551A67E845001D5B52 /* ScanViewController.h */ = {isa = PBXFileReference; lastKnownFileType = sourcecode.c.h; path = ScanViewController.h; sourceTree = "<group>"; };
		9AAA31561A67E845001D5B52 /* ScanViewController.m */ = {isa = PBXFileReference; lastKnownFileType = sourcecode.c.objc; path = ScanViewController.m; sourceTree = "<group>"; };
		9AAA31591A67E845001D5B52 /* Base */ = {isa = PBXFileReference; lastKnownFileType = file.storyboard; name = Base; path = Base.lproj/Main.storyboard; sourceTree = "<group>"; };
		9AAA315B1A67E845001D5B52 /* Images.xcassets */ = {isa = PBXFileReference; lastKnownFileType = folder.assetcatalog; path = Images.xcassets; sourceTree = "<group>"; };
		9AAA315E1A67E845001D5B52 /* Base */ = {isa = PBXFileReference; lastKnownFileType = file.xib; name = Base; path = Base.lproj/LaunchScreen.xib; sourceTree = "<group>"; };
		9AAA31641A67E845001D5B52 /* cubeTests.xctest */ = {isa = PBXFileReference; explicitFileType = wrapper.cfbundle; includeInIndex = 0; path = cubeTests.xctest; sourceTree = BUILT_PRODUCTS_DIR; };
		9AAA31691A67E845001D5B52 /* Info.plist */ = {isa = PBXFileReference; lastKnownFileType = text.plist.xml; path = Info.plist; sourceTree = "<group>"; };
		9AAA316A1A67E845001D5B52 /* cubeTests.m */ = {isa = PBXFileReference; lastKnownFileType = sourcecode.c.objc; path = cubeTests.m; sourceTree = "<group>"; };
		9AAA320A1A67ED8D001D5B52 /* MBProgressHUD.h */ = {isa = PBXFileReference; fileEncoding = 4; lastKnownFileType = sourcecode.c.h; name = MBProgressHUD.h; path = cube/MBProgressHUD/MBProgressHUD.h; sourceTree = SOURCE_ROOT; };
		9AAA320B1A67EDA0001D5B52 /* MBProgressHUD.m */ = {isa = PBXFileReference; fileEncoding = 4; lastKnownFileType = sourcecode.c.objc; name = MBProgressHUD.m; path = cube/MBProgressHUD/MBProgressHUD.m; sourceTree = SOURCE_ROOT; };
		9AAA320D1A67EDFC001D5B52 /* UIKit.framework */ = {isa = PBXFileReference; lastKnownFileType = wrapper.framework; name = UIKit.framework; path = System/Library/Frameworks/UIKit.framework; sourceTree = SDKROOT; };
		9AAA320F1A67EE11001D5B52 /* CoreGraphics.framework */ = {isa = PBXFileReference; lastKnownFileType = wrapper.framework; name = CoreGraphics.framework; path = System/Library/Frameworks/CoreGraphics.framework; sourceTree = SDKROOT; };
		9AAA32111A67EE37001D5B52 /* Foundation.framework */ = {isa = PBXFileReference; lastKnownFileType = wrapper.framework; name = Foundation.framework; path = System/Library/Frameworks/Foundation.framework; sourceTree = SDKROOT; };
		9AC4C08C1A7A0959008E72BE /* BLEServer.m */ = {isa = PBXFileReference; fileEncoding = 4; lastKnownFileType = sourcecode.c.objc; path = BLEServer.m; sourceTree = "<group>"; };
		9AC4C08E1A7A097D008E72BE /* BLEServer.h */ = {isa = PBXFileReference; lastKnownFileType = sourcecode.c.h; path = BLEServer.h; sourceTree = "<group>"; };
		9AC7C6C41A821D1700EFAE59 /* BatteryService.m */ = {isa = PBXFileReference; fileEncoding = 4; lastKnownFileType = sourcecode.c.objc; path = BatteryService.m; sourceTree = "<group>"; };
		9AC7C6C61A821D3200EFAE59 /* BatteryService.h */ = {isa = PBXFileReference; lastKnownFileType = sourcecode.c.h; path = BatteryService.h; sourceTree = "<group>"; };
/* End PBXFileReference section */

/* Begin PBXFrameworksBuildPhase section */
		9AAA31451A67E845001D5B52 /* Frameworks */ = {
			isa = PBXFrameworksBuildPhase;
			buildActionMask = 2147483647;
			files = (
				9A40B1E01A6F71FD003C96D5 /* CoreBluetooth.framework in Frameworks */,
				9AAA32121A67EE37001D5B52 /* Foundation.framework in Frameworks */,
				9AAA32101A67EE11001D5B52 /* CoreGraphics.framework in Frameworks */,
				9AAA320E1A67EDFC001D5B52 /* UIKit.framework in Frameworks */,
			);
			runOnlyForDeploymentPostprocessing = 0;
		};
		9AAA31611A67E845001D5B52 /* Frameworks */ = {
			isa = PBXFrameworksBuildPhase;
			buildActionMask = 2147483647;
			files = (
			);
			runOnlyForDeploymentPostprocessing = 0;
		};
/* End PBXFrameworksBuildPhase section */

/* Begin PBXGroup section */
		9A2FE8E01A6904E20008C4D6 /* BluetoothLE */ = {
			isa = PBXGroup;
			children = (
				9A3D3FB31A6E79CD00852006 /* PeriperalInfo.h */,
				9A3D3FB11A6E79C600852006 /* PeriperalInfo.m */,
				9AC7C6C61A821D3200EFAE59 /* BatteryService.h */,
				9AC7C6C41A821D1700EFAE59 /* BatteryService.m */,
				9A2FE8E61A690FA30008C4D6 /* BTServer.h */,
				9A2FE8E41A690F980008C4D6 /* BTServer.m */,
				9A3D3FB01A6E751700852006 /* BLEUtility.h */,
				9A3D3FAE1A6E750D00852006 /* BLEUtility.m */,
				9A3D3FAD1A6E54BD00852006 /* BLEDevInfo.h */,
				9A3D3FAB1A6E549900852006 /* BLEDevInfo.m */,
				9AC4C08E1A7A097D008E72BE /* BLEServer.h */,
				9AC4C08C1A7A0959008E72BE /* BLEServer.m */,
			);
			path = BluetoothLE;
			sourceTree = "<group>";
		};
		9AAA313F1A67E845001D5B52 = {
			isa = PBXGroup;
			children = (
				9AAA314A1A67E845001D5B52 /* cube */,
				9AAA31671A67E845001D5B52 /* cubeTests */,
				9AAA32131A67EE49001D5B52 /* Frameworks */,
				9AAA31491A67E845001D5B52 /* Products */,
			);
			sourceTree = "<group>";
		};
		9AAA31491A67E845001D5B52 /* Products */ = {
			isa = PBXGroup;
			children = (
				9AAA31481A67E845001D5B52 /* cube.app */,
				9AAA31641A67E845001D5B52 /* cubeTests.xctest */,
			);
			name = Products;
			sourceTree = "<group>";
		};
		9AAA314A1A67E845001D5B52 /* cube */ = {
			isa = PBXGroup;
			children = (
				9A2FE8E01A6904E20008C4D6 /* BluetoothLE */,
				9AAA31C11A67EC4C001D5B52 /* MBProgressHUD */,
				9AAA314F1A67E845001D5B52 /* AppDelegate.h */,
				9AAA31501A67E845001D5B52 /* AppDelegate.m */,
				9AAA31521A67E845001D5B52 /* RecordViewController.h */,
				9AAA31531A67E845001D5B52 /* RecordViewController.m */,
				9AAA31551A67E845001D5B52 /* ScanViewController.h */,
				9AAA31561A67E845001D5B52 /* ScanViewController.m */,
				9A3808D91A710810009F3B10 /* DbgMsg.h */,
				9AAA31581A67E845001D5B52 /* Main.storyboard */,
				9AAA315B1A67E845001D5B52 /* Images.xcassets */,
				9AAA315D1A67E845001D5B52 /* LaunchScreen.xib */,
				9AAA314B1A67E845001D5B52 /* Supporting Files */,
			);
			path = cube;
			sourceTree = "<group>";
		};
		9AAA314B1A67E845001D5B52 /* Supporting Files */ = {
			isa = PBXGroup;
			children = (
				9AAA314C1A67E845001D5B52 /* Info.plist */,
				9AAA314D1A67E845001D5B52 /* main.m */,
			);
			name = "Supporting Files";
			sourceTree = "<group>";
		};
		9AAA31671A67E845001D5B52 /* cubeTests */ = {
			isa = PBXGroup;
			children = (
				9AAA316A1A67E845001D5B52 /* cubeTests.m */,
				9AAA31681A67E845001D5B52 /* Supporting Files */,
			);
			path = cubeTests;
			sourceTree = "<group>";
		};
		9AAA31681A67E845001D5B52 /* Supporting Files */ = {
			isa = PBXGroup;
			children = (
				9AAA31691A67E845001D5B52 /* Info.plist */,
			);
			name = "Supporting Files";
			sourceTree = "<group>";
		};
		9AAA31C11A67EC4C001D5B52 /* MBProgressHUD */ = {
			isa = PBXGroup;
			children = (
				9AAA320B1A67EDA0001D5B52 /* MBProgressHUD.m */,
				9AAA320A1A67ED8D001D5B52 /* MBProgressHUD.h */,
			);
			name = MBProgressHUD;
			path = ../MBProgressHUD;
			sourceTree = "<group>";
		};
		9AAA32131A67EE49001D5B52 /* Frameworks */ = {
			isa = PBXGroup;
			children = (
				9A40B1DF1A6F71FD003C96D5 /* CoreBluetooth.framework */,
				9AAA320D1A67EDFC001D5B52 /* UIKit.framework */,
				9AAA320F1A67EE11001D5B52 /* CoreGraphics.framework */,
				9AAA32111A67EE37001D5B52 /* Foundation.framework */,
			);
			name = Frameworks;
			path = cube;
			sourceTree = "<group>";
		};
/* End PBXGroup section */

/* Begin PBXNativeTarget section */
		9AAA31471A67E845001D5B52 /* cube */ = {
			isa = PBXNativeTarget;
			buildConfigurationList = 9AAA316E1A67E845001D5B52 /* Build configuration list for PBXNativeTarget "cube" */;
			buildPhases = (
				9AAA31441A67E845001D5B52 /* Sources */,
				9AAA31451A67E845001D5B52 /* Frameworks */,
				9AAA31461A67E845001D5B52 /* Resources */,
			);
			buildRules = (
			);
			dependencies = (
			);
			name = cube;
			productName = cube;
			productReference = 9AAA31481A67E845001D5B52 /* cube.app */;
			productType = "com.apple.product-type.application";
		};
		9AAA31631A67E845001D5B52 /* cubeTests */ = {
			isa = PBXNativeTarget;
			buildConfigurationList = 9AAA31711A67E845001D5B52 /* Build configuration list for PBXNativeTarget "cubeTests" */;
			buildPhases = (
				9AAA31601A67E845001D5B52 /* Sources */,
				9AAA31611A67E845001D5B52 /* Frameworks */,
				9AAA31621A67E845001D5B52 /* Resources */,
			);
			buildRules = (
			);
			dependencies = (
				9AAA31661A67E845001D5B52 /* PBXTargetDependency */,
			);
			name = cubeTests;
			productName = cubeTests;
			productReference = 9AAA31641A67E845001D5B52 /* cubeTests.xctest */;
			productType = "com.apple.product-type.bundle.unit-test";
		};
/* End PBXNativeTarget section */

/* Begin PBXProject section */
		9AAA31401A67E845001D5B52 /* Project object */ = {
			isa = PBXProject;
			attributes = {
				LastUpgradeCheck = 0610;
				ORGANIZATIONNAME = Zealtek;
				TargetAttributes = {
					9AAA31471A67E845001D5B52 = {
						CreatedOnToolsVersion = 6.1.1;
						DevelopmentTeam = 4M8S7GUF3Y;
					};
					9AAA31631A67E845001D5B52 = {
						CreatedOnToolsVersion = 6.1.1;
						TestTargetID = 9AAA31471A67E845001D5B52;
					};
				};
			};
			buildConfigurationList = 9AAA31431A67E845001D5B52 /* Build configuration list for PBXProject "cube" */;
			compatibilityVersion = "Xcode 3.2";
			developmentRegion = English;
			hasScannedForEncodings = 0;
			knownRegions = (
				en,
				Base,
			);
			mainGroup = 9AAA313F1A67E845001D5B52;
			productRefGroup = 9AAA31491A67E845001D5B52 /* Products */;
			projectDirPath = "";
			projectRoot = "";
			targets = (
				9AAA31471A67E845001D5B52 /* cube */,
				9AAA31631A67E845001D5B52 /* cubeTests */,
			);
		};
/* End PBXProject section */

/* Begin PBXResourcesBuildPhase section */
		9AAA31461A67E845001D5B52 /* Resources */ = {
			isa = PBXResourcesBuildPhase;
			buildActionMask = 2147483647;
			files = (
				9AAA315A1A67E845001D5B52 /* Main.storyboard in Resources */,
				9AAA315F1A67E845001D5B52 /* LaunchScreen.xib in Resources */,
				9AAA315C1A67E845001D5B52 /* Images.xcassets in Resources */,
			);
			runOnlyForDeploymentPostprocessing = 0;
		};
		9AAA31621A67E845001D5B52 /* Resources */ = {
			isa = PBXResourcesBuildPhase;
			buildActionMask = 2147483647;
			files = (
			);
			runOnlyForDeploymentPostprocessing = 0;
		};
/* End PBXResourcesBuildPhase section */

/* Begin PBXSourcesBuildPhase section */
		9AAA31441A67E845001D5B52 /* Sources */ = {
			isa = PBXSourcesBuildPhase;
			buildActionMask = 2147483647;
			files = (
				9A3D3FAC1A6E549900852006 /* BLEDevInfo.m in Sources */,
				9A2FE8E51A690F980008C4D6 /* BTServer.m in Sources */,
				9AAA31571A67E845001D5B52 /* ScanViewController.m in Sources */,
				9AAA31511A67E845001D5B52 /* AppDelegate.m in Sources */,
				9AAA320C1A67EDA0001D5B52 /* MBProgressHUD.m in Sources */,
				9AC4C08D1A7A0959008E72BE /* BLEServer.m in Sources */,
				9A3D3FB21A6E79C600852006 /* PeriperalInfo.m in Sources */,
				9A3D3FAF1A6E750D00852006 /* BLEUtility.m in Sources */,
				9AAA31541A67E845001D5B52 /* RecordViewController.m in Sources */,
				9AAA314E1A67E845001D5B52 /* main.m in Sources */,
				9AC7C6C51A821D1700EFAE59 /* BatteryService.m in Sources */,
			);
			runOnlyForDeploymentPostprocessing = 0;
		};
		9AAA31601A67E845001D5B52 /* Sources */ = {
			isa = PBXSourcesBuildPhase;
			buildActionMask = 2147483647;
			files = (
				9AAA316B1A67E845001D5B52 /* cubeTests.m in Sources */,
			);
			runOnlyForDeploymentPostprocessing = 0;
		};
/* End PBXSourcesBuildPhase section */

/* Begin PBXTargetDependency section */
		9AAA31661A67E845001D5B52 /* PBXTargetDependency */ = {
			isa = PBXTargetDependency;
			target = 9AAA31471A67E845001D5B52 /* cube */;
			targetProxy = 9AAA31651A67E845001D5B52 /* PBXContainerItemProxy */;
		};
/* End PBXTargetDependency section */

/* Begin PBXVariantGroup section */
		9AAA31581A67E845001D5B52 /* Main.storyboard */ = {
			isa = PBXVariantGroup;
			children = (
				9AAA31591A67E845001D5B52 /* Base */,
			);
			name = Main.storyboard;
			sourceTree = "<group>";
		};
		9AAA315D1A67E845001D5B52 /* LaunchScreen.xib */ = {
			isa = PBXVariantGroup;
			children = (
				9AAA315E1A67E845001D5B52 /* Base */,
			);
			name = LaunchScreen.xib;
			sourceTree = "<group>";
		};
/* End PBXVariantGroup section */

/* Begin XCBuildConfiguration section */
		9AAA316C1A67E845001D5B52 /* Debug */ = {
			isa = XCBuildConfiguration;
			buildSettings = {
				ALWAYS_SEARCH_USER_PATHS = NO;
				CLANG_CXX_LANGUAGE_STANDARD = "gnu++0x";
				CLANG_CXX_LIBRARY = "libc++";
				CLANG_ENABLE_MODULES = YES;
				CLANG_ENABLE_OBJC_ARC = YES;
				CLANG_WARN_BOOL_CONVERSION = YES;
				CLANG_WARN_CONSTANT_CONVERSION = YES;
				CLANG_WARN_DIRECT_OBJC_ISA_USAGE = YES_ERROR;
				CLANG_WARN_EMPTY_BODY = YES;
				CLANG_WARN_ENUM_CONVERSION = YES;
				CLANG_WARN_INT_CONVERSION = YES;
				CLANG_WARN_OBJC_ROOT_CLASS = YES_ERROR;
				CLANG_WARN_UNREACHABLE_CODE = YES;
				CLANG_WARN__DUPLICATE_METHOD_MATCH = YES;
				"CODE_SIGN_IDENTITY[sdk=iphoneos*]" = "iPhone Developer";
				COPY_PHASE_STRIP = NO;
				ENABLE_STRICT_OBJC_MSGSEND = YES;
				GCC_C_LANGUAGE_STANDARD = gnu99;
				GCC_DYNAMIC_NO_PIC = NO;
				GCC_OPTIMIZATION_LEVEL = 0;
				GCC_PREPROCESSOR_DEFINITIONS = (
					"DEBUG=1",
					"$(inherited)",
				);
				GCC_SYMBOLS_PRIVATE_EXTERN = NO;
				GCC_WARN_64_TO_32_BIT_CONVERSION = YES;
				GCC_WARN_ABOUT_RETURN_TYPE = YES_ERROR;
				GCC_WARN_UNDECLARED_SELECTOR = YES;
				GCC_WARN_UNINITIALIZED_AUTOS = YES_AGGRESSIVE;
				GCC_WARN_UNUSED_FUNCTION = YES;
				GCC_WARN_UNUSED_VARIABLE = YES;
				IPHONEOS_DEPLOYMENT_TARGET = 8.1;
				MTL_ENABLE_DEBUG_INFO = YES;
				ONLY_ACTIVE_ARCH = YES;
				SDKROOT = iphoneos;
				TARGETED_DEVICE_FAMILY = "1,2";
			};
			name = Debug;
		};
		9AAA316D1A67E845001D5B52 /* Release */ = {
			isa = XCBuildConfiguration;
			buildSettings = {
				ALWAYS_SEARCH_USER_PATHS = NO;
				CLANG_CXX_LANGUAGE_STANDARD = "gnu++0x";
				CLANG_CXX_LIBRARY = "libc++";
				CLANG_ENABLE_MODULES = YES;
				CLANG_ENABLE_OBJC_ARC = YES;
				CLANG_WARN_BOOL_CONVERSION = YES;
				CLANG_WARN_CONSTANT_CONVERSION = YES;
				CLANG_WARN_DIRECT_OBJC_ISA_USAGE = YES_ERROR;
				CLANG_WARN_EMPTY_BODY = YES;
				CLANG_WARN_ENUM_CONVERSION = YES;
				CLANG_WARN_INT_CONVERSION = YES;
				CLANG_WARN_OBJC_ROOT_CLASS = YES_ERROR;
				CLANG_WARN_UNREACHABLE_CODE = YES;
				CLANG_WARN__DUPLICATE_METHOD_MATCH = YES;
				"CODE_SIGN_IDENTITY[sdk=iphoneos*]" = "iPhone Developer";
				COPY_PHASE_STRIP = YES;
				ENABLE_NS_ASSERTIONS = NO;
				ENABLE_STRICT_OBJC_MSGSEND = YES;
				GCC_C_LANGUAGE_STANDARD = gnu99;
				GCC_WARN_64_TO_32_BIT_CONVERSION = YES;
				GCC_WARN_ABOUT_RETURN_TYPE = YES_ERROR;
				GCC_WARN_UNDECLARED_SELECTOR = YES;
				GCC_WARN_UNINITIALIZED_AUTOS = YES_AGGRESSIVE;
				GCC_WARN_UNUSED_FUNCTION = YES;
				GCC_WARN_UNUSED_VARIABLE = YES;
				IPHONEOS_DEPLOYMENT_TARGET = 8.1;
				MTL_ENABLE_DEBUG_INFO = NO;
				SDKROOT = iphoneos;
				TARGETED_DEVICE_FAMILY = "1,2";
				VALIDATE_PRODUCT = YES;
			};
			name = Release;
		};
		9AAA316F1A67E845001D5B52 /* Debug */ = {
			isa = XCBuildConfiguration;
			buildSettings = {
				ASSETCATALOG_COMPILER_APPICON_NAME = AppIcon;
				CODE_SIGN_IDENTITY = "iPhone Developer";
				INFOPLIST_FILE = cube/Info.plist;
				IPHONEOS_DEPLOYMENT_TARGET = 8.0;
				LD_RUNPATH_SEARCH_PATHS = "$(inherited) @executable_path/Frameworks";
				PRODUCT_NAME = "$(TARGET_NAME)";
			};
			name = Debug;
		};
		9AAA31701A67E845001D5B52 /* Release */ = {
			isa = XCBuildConfiguration;
			buildSettings = {
				ASSETCATALOG_COMPILER_APPICON_NAME = AppIcon;
				CODE_SIGN_IDENTITY = "iPhone Developer";
				INFOPLIST_FILE = cube/Info.plist;
				IPHONEOS_DEPLOYMENT_TARGET = 8.0;
				LD_RUNPATH_SEARCH_PATHS = "$(inherited) @executable_path/Frameworks";
				PRODUCT_NAME = "$(TARGET_NAME)";
			};
			name = Release;
		};
		9AAA31721A67E845001D5B52 /* Debug */ = {
			isa = XCBuildConfiguration;
			buildSettings = {
				BUNDLE_LOADER = "$(TEST_HOST)";
				FRAMEWORK_SEARCH_PATHS = (
					"$(SDKROOT)/Developer/Library/Frameworks",
					"$(inherited)",
				);
				GCC_PREPROCESSOR_DEFINITIONS = (
					"DEBUG=1",
					"$(inherited)",
				);
				INFOPLIST_FILE = cubeTests/Info.plist;
				LD_RUNPATH_SEARCH_PATHS = "$(inherited) @executable_path/Frameworks @loader_path/Frameworks";
				PRODUCT_NAME = "$(TARGET_NAME)";
				TEST_HOST = "$(BUILT_PRODUCTS_DIR)/cube.app/cube";
			};
			name = Debug;
		};
		9AAA31731A67E845001D5B52 /* Release */ = {
			isa = XCBuildConfiguration;
			buildSettings = {
				BUNDLE_LOADER = "$(TEST_HOST)";
				FRAMEWORK_SEARCH_PATHS = (
					"$(SDKROOT)/Developer/Library/Frameworks",
					"$(inherited)",
				);
				INFOPLIST_FILE = cubeTests/Info.plist;
				LD_RUNPATH_SEARCH_PATHS = "$(inherited) @executable_path/Frameworks @loader_path/Frameworks";
				PRODUCT_NAME = "$(TARGET_NAME)";
				TEST_HOST = "$(BUILT_PRODUCTS_DIR)/cube.app/cube";
			};
			name = Release;
		};
/* End XCBuildConfiguration section */

/* Begin XCConfigurationList section */
		9AAA31431A67E845001D5B52 /* Build configuration list for PBXProject "cube" */ = {
			isa = XCConfigurationList;
			buildConfigurations = (
				9AAA316C1A67E845001D5B52 /* Debug */,
				9AAA316D1A67E845001D5B52 /* Release */,
			);
			defaultConfigurationIsVisible = 0;
			defaultConfigurationName = Release;
		};
		9AAA316E1A67E845001D5B52 /* Build configuration list for PBXNativeTarget "cube" */ = {
			isa = XCConfigurationList;
			buildConfigurations = (
				9AAA316F1A67E845001D5B52 /* Debug */,
				9AAA31701A67E845001D5B52 /* Release */,
			);
			defaultConfigurationIsVisible = 0;
			defaultConfigurationName = Release;
		};
		9AAA31711A67E845001D5B52 /* Build configuration list for PBXNativeTarget "cubeTests" */ = {
			isa = XCConfigurationList;
			buildConfigurations = (
				9AAA31721A67E845001D5B52 /* Debug */,
				9AAA31731A67E845001D5B52 /* Release */,
			);
			defaultConfigurationIsVisible = 0;
			defaultConfigurationName = Release;
		};
/* End XCConfigurationList section */
	};
	rootObject = 9AAA31401A67E845001D5B52 /* Project object */;
}
