// !$*UTF8*$!
{
	archiveVersion = 1;
	classes = {
	};
	objectVersion = 46;
	objects = {

/* Begin PBXBuildFile section */
		9A379EF51A8B55000002FB5C /* ZTCentralManager.m in Sources */ = {isa = PBXBuildFile; fileRef = 9A379EF41A8B55000002FB5C /* ZTCentralManager.m */; };
		9A379F291A8B61130002FB5C /* DEAAccelerometerService.m in Sources */ = {isa = PBXBuildFile; fileRef = 9A379F181A8B61130002FB5C /* DEAAccelerometerService.m */; };
		9A40B1E01A6F71FD003C96D5 /* CoreBluetooth.framework in Frameworks */ = {isa = PBXBuildFile; fileRef = 9A40B1DF1A6F71FD003C96D5 /* CoreBluetooth.framework */; };
		9AAA314E1A67E845001D5B52 /* main.m in Sources */ = {isa = PBXBuildFile; fileRef = 9AAA314D1A67E845001D5B52 /* main.m */; };
		9AAA31511A67E845001D5B52 /* AppDelegate.m in Sources */ = {isa = PBXBuildFile; fileRef = 9AAA31501A67E845001D5B52 /* AppDelegate.m */; };
		9AAA31541A67E845001D5B52 /* RecordViewController.m in Sources */ = {isa = PBXBuildFile; fileRef = 9AAA31531A67E845001D5B52 /* RecordViewController.m */; };
		9AAA31571A67E845001D5B52 /* ScanViewController.m in Sources */ = {isa = PBXBuildFile; fileRef = 9AAA31561A67E845001D5B52 /* ScanViewController.m */; };
		9AAA315A1A67E845001D5B52 /* Main.storyboard in Resources */ = {isa = PBXBuildFile; fileRef = 9AAA31581A67E845001D5B52 /* Main.storyboard */; };
		9AAA315C1A67E845001D5B52 /* Images.xcassets in Resources */ = {isa = PBXBuildFile; fileRef = 9AAA315B1A67E845001D5B52 /* Images.xcassets */; };
		9AAA315F1A67E845001D5B52 /* LaunchScreen.xib in Resources */ = {isa = PBXBuildFile; fileRef = 9AAA315D1A67E845001D5B52 /* LaunchScreen.xib */; };
		9AAA316B1A67E845001D5B52 /* cubeTests.m in Sources */ = {isa = PBXBuildFile; fileRef = 9AAA316A1A67E845001D5B52 /* cubeTests.m */; };
		9AAA320E1A67EDFC001D5B52 /* UIKit.framework in Frameworks */ = {isa = PBXBuildFile; fileRef = 9AAA320D1A67EDFC001D5B52 /* UIKit.framework */; };
		9AAA32101A67EE11001D5B52 /* CoreGraphics.framework in Frameworks */ = {isa = PBXBuildFile; fileRef = 9AAA320F1A67EE11001D5B52 /* CoreGraphics.framework */; };
		9AAA32121A67EE37001D5B52 /* Foundation.framework in Frameworks */ = {isa = PBXBuildFile; fileRef = 9AAA32111A67EE37001D5B52 /* Foundation.framework */; };
		9AC0E7201A8DE967002D24DD /* ZTCube.m in Sources */ = {isa = PBXBuildFile; fileRef = 9AC0E71F1A8DE967002D24DD /* ZTCube.m */; };
		9AC0E7251A8DE97D002D24DD /* ZTBaseService.m in Sources */ = {isa = PBXBuildFile; fileRef = 9AC0E7221A8DE97D002D24DD /* ZTBaseService.m */; };
		9AC0E7261A8DE97D002D24DD /* ZTDeviceInfoService.m in Sources */ = {isa = PBXBuildFile; fileRef = 9AC0E7241A8DE97D002D24DD /* ZTDeviceInfoService.m */; };
		9AC0E7281A8E145D002D24DD /* ZTBatteryService.m in Sources */ = {isa = PBXBuildFile; fileRef = 9AC0E7271A8E145D002D24DD /* ZTBatteryService.m */; };
		9AC343F31A92035A00CBE7AF /* ZTProtrackService.m in Sources */ = {isa = PBXBuildFile; fileRef = 9AC343F21A92035A00CBE7AF /* ZTProtrackService.m */; };
		9AC5E6F71ADF89F400F457DE /* QuartzCore.framework in Frameworks */ = {isa = PBXBuildFile; fileRef = 9AC5E6F61ADF89F400F457DE /* QuartzCore.framework */; };
		9AC90AAA1ACBDFEE00CA072B /* kfifo.c in Sources */ = {isa = PBXBuildFile; fileRef = 9AC90AA91ACBDFEE00CA072B /* kfifo.c */; };
		9AD0C7531AA856C700E32C3D /* ZTProtrackNotify.m in Sources */ = {isa = PBXBuildFile; fileRef = 9AD0C7521AA856C700E32C3D /* ZTProtrackNotify.m */; };
		9AD3B0221ADF9D5A00963D89 /* KLCPopup.m in Sources */ = {isa = PBXBuildFile; fileRef = 9AD3AFC81ADF9D5A00963D89 /* KLCPopup.m */; };
		9AD3B0371ADF9D5A00963D89 /* MBProgressHUD.m in Sources */ = {isa = PBXBuildFile; fileRef = 9AD3AFEB1ADF9D5A00963D89 /* MBProgressHUD.m */; };
		9AD3B03B1ADF9D5A00963D89 /* NSIndexPath+PSTCollectionViewAdditions.m in Sources */ = {isa = PBXBuildFile; fileRef = 9AD3AFF41ADF9D5A00963D89 /* NSIndexPath+PSTCollectionViewAdditions.m */; };
		9AD3B03C1ADF9D5A00963D89 /* PSTCollectionView.m in Sources */ = {isa = PBXBuildFile; fileRef = 9AD3AFF61ADF9D5A00963D89 /* PSTCollectionView.m */; };
		9AD3B03D1ADF9D5A00963D89 /* PSTCollectionViewCell.m in Sources */ = {isa = PBXBuildFile; fileRef = 9AD3AFF81ADF9D5A00963D89 /* PSTCollectionViewCell.m */; };
		9AD3B03E1ADF9D5A00963D89 /* PSTCollectionViewController.m in Sources */ = {isa = PBXBuildFile; fileRef = 9AD3AFFB1ADF9D5A00963D89 /* PSTCollectionViewController.m */; };
		9AD3B03F1ADF9D5A00963D89 /* PSTCollectionViewData.m in Sources */ = {isa = PBXBuildFile; fileRef = 9AD3AFFD1ADF9D5A00963D89 /* PSTCollectionViewData.m */; };
		9AD3B0401ADF9D5A00963D89 /* PSTCollectionViewFlowLayout.m in Sources */ = {isa = PBXBuildFile; fileRef = 9AD3AFFF1ADF9D5A00963D89 /* PSTCollectionViewFlowLayout.m */; };
		9AD3B0411ADF9D5A00963D89 /* PSTCollectionViewItemKey.m in Sources */ = {isa = PBXBuildFile; fileRef = 9AD3B0011ADF9D5A00963D89 /* PSTCollectionViewItemKey.m */; };
		9AD3B0421ADF9D5A00963D89 /* PSTCollectionViewLayout.m in Sources */ = {isa = PBXBuildFile; fileRef = 9AD3B0041ADF9D5A00963D89 /* PSTCollectionViewLayout.m */; };
		9AD3B0431ADF9D5A00963D89 /* PSTCollectionViewUpdateItem.m in Sources */ = {isa = PBXBuildFile; fileRef = 9AD3B0061ADF9D5A00963D89 /* PSTCollectionViewUpdateItem.m */; };
		9AD3B0441ADF9D5A00963D89 /* PSTGridLayoutInfo.m in Sources */ = {isa = PBXBuildFile; fileRef = 9AD3B0081ADF9D5A00963D89 /* PSTGridLayoutInfo.m */; };
		9AD3B0451ADF9D5A00963D89 /* PSTGridLayoutItem.m in Sources */ = {isa = PBXBuildFile; fileRef = 9AD3B00A1ADF9D5A00963D89 /* PSTGridLayoutItem.m */; };
		9AD3B0461ADF9D5A00963D89 /* PSTGridLayoutRow.m in Sources */ = {isa = PBXBuildFile; fileRef = 9AD3B00C1ADF9D5A00963D89 /* PSTGridLayoutRow.m */; };
		9AD3B0471ADF9D5A00963D89 /* PSTGridLayoutSection.m in Sources */ = {isa = PBXBuildFile; fileRef = 9AD3B00E1ADF9D5A00963D89 /* PSTGridLayoutSection.m */; };
		9AD3B0481ADF9D5A00963D89 /* NSMutableArray+fifoQueue.m in Sources */ = {isa = PBXBuildFile; fileRef = 9AD3B0111ADF9D5A00963D89 /* NSMutableArray+fifoQueue.m */; };
		9AD3B0491ADF9D5A00963D89 /* YMS128.c in Sources */ = {isa = PBXBuildFile; fileRef = 9AD3B0121ADF9D5A00963D89 /* YMS128.c */; };
		9AD3B04A1ADF9D5A00963D89 /* YMSCBCentralManager.m in Sources */ = {isa = PBXBuildFile; fileRef = 9AD3B0151ADF9D5A00963D89 /* YMSCBCentralManager.m */; };
		9AD3B04B1ADF9D5A00963D89 /* YMSCBCharacteristic.m in Sources */ = {isa = PBXBuildFile; fileRef = 9AD3B0171ADF9D5A00963D89 /* YMSCBCharacteristic.m */; };
		9AD3B04C1ADF9D5A00963D89 /* YMSCBDescriptor.m in Sources */ = {isa = PBXBuildFile; fileRef = 9AD3B0191ADF9D5A00963D89 /* YMSCBDescriptor.m */; };
		9AD3B04D1ADF9D5A00963D89 /* YMSCBPeripheral.m in Sources */ = {isa = PBXBuildFile; fileRef = 9AD3B01B1ADF9D5A00963D89 /* YMSCBPeripheral.m */; };
		9AD3B04E1ADF9D5A00963D89 /* YMSCBService.m in Sources */ = {isa = PBXBuildFile; fileRef = 9AD3B01D1ADF9D5A00963D89 /* YMSCBService.m */; };
		9AD3B04F1ADF9D5A00963D89 /* YMSCBStoredPeripherals.m in Sources */ = {isa = PBXBuildFile; fileRef = 9AD3B01F1ADF9D5A00963D89 /* YMSCBStoredPeripherals.m */; };
		9AD3B0501ADF9D5A00963D89 /* YMSCBUtils.m in Sources */ = {isa = PBXBuildFile; fileRef = 9AD3B0211ADF9D5A00963D89 /* YMSCBUtils.m */; };
		9AD8A6951AC40A41009BE6A8 /* ImageViewController.m in Sources */ = {isa = PBXBuildFile; fileRef = 9AD8A6941AC40A41009BE6A8 /* ImageViewController.m */; };
		9AD8A6981AC40E58009BE6A8 /* CollectionCell.m in Sources */ = {isa = PBXBuildFile; fileRef = 9AD8A6971AC40E58009BE6A8 /* CollectionCell.m */; };
		9AE8AC2A1AFB48DB00B655A9 /* PlanViewController.m in Sources */ = {isa = PBXBuildFile; fileRef = 9AE8AC291AFB48DB00B655A9 /* PlanViewController.m */; };
		9AE8AC301AFB4A5200B655A9 /* RMSwipeTableViewCell.m in Sources */ = {isa = PBXBuildFile; fileRef = 9AE8AC2E1AFB4A5200B655A9 /* RMSwipeTableViewCell.m */; };
		9AE8AC331AFB4B0900B655A9 /* PlanViewCell.m in Sources */ = {isa = PBXBuildFile; fileRef = 9AE8AC321AFB4B0900B655A9 /* PlanViewCell.m */; };
		9AE8AC361AFB68EA00B655A9 /* ZTColor.m in Sources */ = {isa = PBXBuildFile; fileRef = 9AE8AC351AFB68EA00B655A9 /* ZTColor.m */; };
/* End PBXBuildFile section */

/* Begin PBXContainerItemProxy section */
		9AAA31651A67E845001D5B52 /* PBXContainerItemProxy */ = {
			isa = PBXContainerItemProxy;
			containerPortal = 9AAA31401A67E845001D5B52 /* Project object */;
			proxyType = 1;
			remoteGlobalIDString = 9AAA31471A67E845001D5B52;
			remoteInfo = cube;
		};
/* End PBXContainerItemProxy section */

/* Begin PBXFileReference section */
		9A379EF31A8B55000002FB5C /* ZTCentralManager.h */ = {isa = PBXFileReference; fileEncoding = 4; lastKnownFileType = sourcecode.c.h; name = ZTCentralManager.h; path = ZTProfile/ZTCentralManager.h; sourceTree = "<group>"; };
		9A379EF41A8B55000002FB5C /* ZTCentralManager.m */ = {isa = PBXFileReference; fileEncoding = 4; lastKnownFileType = sourcecode.c.objc; name = ZTCentralManager.m; path = ZTProfile/ZTCentralManager.m; sourceTree = "<group>"; };
		9A379EF81A8B56530002FB5C /* TISensorTag.h */ = {isa = PBXFileReference; fileEncoding = 4; lastKnownFileType = sourcecode.c.h; name = TISensorTag.h; path = ZTProfile/TISensorTag.h; sourceTree = "<group>"; };
		9A379F171A8B61130002FB5C /* DEAAccelerometerService.h */ = {isa = PBXFileReference; fileEncoding = 4; lastKnownFileType = sourcecode.c.h; name = DEAAccelerometerService.h; path = ZTProfile/Services/DEAAccelerometerService.h; sourceTree = "<group>"; };
		9A379F181A8B61130002FB5C /* DEAAccelerometerService.m */ = {isa = PBXFileReference; fileEncoding = 4; lastKnownFileType = sourcecode.c.objc; name = DEAAccelerometerService.m; path = ZTProfile/Services/DEAAccelerometerService.m; sourceTree = "<group>"; };
		9A379F321A8B61250002FB5C /* YmsCoreBluetooth.h */ = {isa = PBXFileReference; fileEncoding = 4; lastKnownFileType = sourcecode.c.h; name = YmsCoreBluetooth.h; path = ZTProfile/YmsCoreBluetooth.h; sourceTree = "<group>"; };
		9A3808D91A710810009F3B10 /* DbgMsg.h */ = {isa = PBXFileReference; fileEncoding = 4; lastKnownFileType = sourcecode.c.h; path = DbgMsg.h; sourceTree = "<group>"; };
		9A40B1DF1A6F71FD003C96D5 /* CoreBluetooth.framework */ = {isa = PBXFileReference; lastKnownFileType = wrapper.framework; name = CoreBluetooth.framework; path = System/Library/Frameworks/CoreBluetooth.framework; sourceTree = SDKROOT; };
		9AAA31481A67E845001D5B52 /* cube.app */ = {isa = PBXFileReference; explicitFileType = wrapper.application; includeInIndex = 0; path = cube.app; sourceTree = BUILT_PRODUCTS_DIR; };
		9AAA314C1A67E845001D5B52 /* Info.plist */ = {isa = PBXFileReference; lastKnownFileType = text.plist.xml; path = Info.plist; sourceTree = "<group>"; };
		9AAA314D1A67E845001D5B52 /* main.m */ = {isa = PBXFileReference; lastKnownFileType = sourcecode.c.objc; path = main.m; sourceTree = "<group>"; };
		9AAA314F1A67E845001D5B52 /* AppDelegate.h */ = {isa = PBXFileReference; lastKnownFileType = sourcecode.c.h; path = AppDelegate.h; sourceTree = "<group>"; };
		9AAA31501A67E845001D5B52 /* AppDelegate.m */ = {isa = PBXFileReference; lastKnownFileType = sourcecode.c.objc; path = AppDelegate.m; sourceTree = "<group>"; };
		9AAA31521A67E845001D5B52 /* RecordViewController.h */ = {isa = PBXFileReference; lastKnownFileType = sourcecode.c.h; path = RecordViewController.h; sourceTree = "<group>"; };
		9AAA31531A67E845001D5B52 /* RecordViewController.m */ = {isa = PBXFileReference; lastKnownFileType = sourcecode.c.objc; path = RecordViewController.m; sourceTree = "<group>"; };
		9AAA31551A67E845001D5B52 /* ScanViewController.h */ = {isa = PBXFileReference; lastKnownFileType = sourcecode.c.h; path = ScanViewController.h; sourceTree = "<group>"; };
		9AAA31561A67E845001D5B52 /* ScanViewController.m */ = {isa = PBXFileReference; lastKnownFileType = sourcecode.c.objc; path = ScanViewController.m; sourceTree = "<group>"; };
		9AAA31591A67E845001D5B52 /* Base */ = {isa = PBXFileReference; lastKnownFileType = file.storyboard; name = Base; path = Base.lproj/Main.storyboard; sourceTree = "<group>"; };
		9AAA315B1A67E845001D5B52 /* Images.xcassets */ = {isa = PBXFileReference; lastKnownFileType = folder.assetcatalog; path = Images.xcassets; sourceTree = "<group>"; };
		9AAA315E1A67E845001D5B52 /* Base */ = {isa = PBXFileReference; lastKnownFileType = file.xib; name = Base; path = Base.lproj/LaunchScreen.xib; sourceTree = "<group>"; };
		9AAA31641A67E845001D5B52 /* cubeTests.xctest */ = {isa = PBXFileReference; explicitFileType = wrapper.cfbundle; includeInIndex = 0; path = cubeTests.xctest; sourceTree = BUILT_PRODUCTS_DIR; };
		9AAA31691A67E845001D5B52 /* Info.plist */ = {isa = PBXFileReference; lastKnownFileType = text.plist.xml; path = Info.plist; sourceTree = "<group>"; };
		9AAA316A1A67E845001D5B52 /* cubeTests.m */ = {isa = PBXFileReference; lastKnownFileType = sourcecode.c.objc; path = cubeTests.m; sourceTree = "<group>"; };
		9AAA320D1A67EDFC001D5B52 /* UIKit.framework */ = {isa = PBXFileReference; lastKnownFileType = wrapper.framework; name = UIKit.framework; path = System/Library/Frameworks/UIKit.framework; sourceTree = SDKROOT; };
		9AAA320F1A67EE11001D5B52 /* CoreGraphics.framework */ = {isa = PBXFileReference; lastKnownFileType = wrapper.framework; name = CoreGraphics.framework; path = System/Library/Frameworks/CoreGraphics.framework; sourceTree = SDKROOT; };
		9AAA32111A67EE37001D5B52 /* Foundation.framework */ = {isa = PBXFileReference; lastKnownFileType = wrapper.framework; name = Foundation.framework; path = System/Library/Frameworks/Foundation.framework; sourceTree = SDKROOT; };
		9AC0E71E1A8DE967002D24DD /* ZTCube.h */ = {isa = PBXFileReference; fileEncoding = 4; lastKnownFileType = sourcecode.c.h; name = ZTCube.h; path = ZTProfile/ZTCube.h; sourceTree = "<group>"; };
		9AC0E71F1A8DE967002D24DD /* ZTCube.m */ = {isa = PBXFileReference; fileEncoding = 4; lastKnownFileType = sourcecode.c.objc; name = ZTCube.m; path = ZTProfile/ZTCube.m; sourceTree = "<group>"; };
		9AC0E7211A8DE97D002D24DD /* ZTBaseService.h */ = {isa = PBXFileReference; fileEncoding = 4; lastKnownFileType = sourcecode.c.h; name = ZTBaseService.h; path = ZTProfile/Services/ZTBaseService.h; sourceTree = "<group>"; };
		9AC0E7221A8DE97D002D24DD /* ZTBaseService.m */ = {isa = PBXFileReference; fileEncoding = 4; lastKnownFileType = sourcecode.c.objc; name = ZTBaseService.m; path = ZTProfile/Services/ZTBaseService.m; sourceTree = "<group>"; };
		9AC0E7231A8DE97D002D24DD /* ZTDeviceInfoService.h */ = {isa = PBXFileReference; fileEncoding = 4; lastKnownFileType = sourcecode.c.h; name = ZTDeviceInfoService.h; path = ZTProfile/Services/ZTDeviceInfoService.h; sourceTree = "<group>"; };
		9AC0E7241A8DE97D002D24DD /* ZTDeviceInfoService.m */ = {isa = PBXFileReference; fileEncoding = 4; lastKnownFileType = sourcecode.c.objc; name = ZTDeviceInfoService.m; path = ZTProfile/Services/ZTDeviceInfoService.m; sourceTree = "<group>"; };
		9AC0E7271A8E145D002D24DD /* ZTBatteryService.m */ = {isa = PBXFileReference; fileEncoding = 4; lastKnownFileType = sourcecode.c.objc; name = ZTBatteryService.m; path = ZTProfile/Services/ZTBatteryService.m; sourceTree = "<group>"; };
		9AC0E7291A8E1489002D24DD /* ZTBatteryService.h */ = {isa = PBXFileReference; lastKnownFileType = sourcecode.c.h; name = ZTBatteryService.h; path = ZTProfile/Services/ZTBatteryService.h; sourceTree = "<group>"; };
		9AC343F11A92035A00CBE7AF /* ZTProtrackService.h */ = {isa = PBXFileReference; fileEncoding = 4; lastKnownFileType = sourcecode.c.h; name = ZTProtrackService.h; path = ZTProfile/Services/ZTProtrackService.h; sourceTree = "<group>"; };
		9AC343F21A92035A00CBE7AF /* ZTProtrackService.m */ = {isa = PBXFileReference; fileEncoding = 4; lastKnownFileType = sourcecode.c.objc; name = ZTProtrackService.m; path = ZTProfile/Services/ZTProtrackService.m; sourceTree = "<group>"; };
		9AC5E6F61ADF89F400F457DE /* QuartzCore.framework */ = {isa = PBXFileReference; lastKnownFileType = wrapper.framework; name = QuartzCore.framework; path = System/Library/Frameworks/QuartzCore.framework; sourceTree = SDKROOT; };
		9AC90AA81ACBDFD100CA072B /* kfifo.h */ = {isa = PBXFileReference; lastKnownFileType = sourcecode.c.h; name = kfifo.h; path = ZTProfile/Services/kfifo.h; sourceTree = "<group>"; };
		9AC90AA91ACBDFEE00CA072B /* kfifo.c */ = {isa = PBXFileReference; fileEncoding = 4; lastKnownFileType = sourcecode.c.c; name = kfifo.c; path = ZTProfile/Services/kfifo.c; sourceTree = "<group>"; };
		9AD0C7511AA856C700E32C3D /* ZTProtrackNotify.h */ = {isa = PBXFileReference; fileEncoding = 4; lastKnownFileType = sourcecode.c.h; name = ZTProtrackNotify.h; path = ZTProfile/Services/ZTProtrackNotify.h; sourceTree = "<group>"; };
		9AD0C7521AA856C700E32C3D /* ZTProtrackNotify.m */ = {isa = PBXFileReference; fileEncoding = 4; lastKnownFileType = sourcecode.c.objc; name = ZTProtrackNotify.m; path = ZTProfile/Services/ZTProtrackNotify.m; sourceTree = "<group>"; };
		9AD3AFC71ADF9D5A00963D89 /* KLCPopup.h */ = {isa = PBXFileReference; fileEncoding = 4; lastKnownFileType = sourcecode.c.h; path = KLCPopup.h; sourceTree = "<group>"; };
		9AD3AFC81ADF9D5A00963D89 /* KLCPopup.m */ = {isa = PBXFileReference; fileEncoding = 4; lastKnownFileType = sourcecode.c.objc; path = KLCPopup.m; sourceTree = "<group>"; };
		9AD3AFEA1ADF9D5A00963D89 /* MBProgressHUD.h */ = {isa = PBXFileReference; fileEncoding = 4; lastKnownFileType = sourcecode.c.h; path = MBProgressHUD.h; sourceTree = "<group>"; };
		9AD3AFEB1ADF9D5A00963D89 /* MBProgressHUD.m */ = {isa = PBXFileReference; fileEncoding = 4; lastKnownFileType = sourcecode.c.objc; path = MBProgressHUD.m; sourceTree = "<group>"; };
		9AD3AFF31ADF9D5A00963D89 /* NSIndexPath+PSTCollectionViewAdditions.h */ = {isa = PBXFileReference; fileEncoding = 4; lastKnownFileType = sourcecode.c.h; path = "NSIndexPath+PSTCollectionViewAdditions.h"; sourceTree = "<group>"; };
		9AD3AFF41ADF9D5A00963D89 /* NSIndexPath+PSTCollectionViewAdditions.m */ = {isa = PBXFileReference; fileEncoding = 4; lastKnownFileType = sourcecode.c.objc; path = "NSIndexPath+PSTCollectionViewAdditions.m"; sourceTree = "<group>"; };
		9AD3AFF51ADF9D5A00963D89 /* PSTCollectionView.h */ = {isa = PBXFileReference; fileEncoding = 4; lastKnownFileType = sourcecode.c.h; path = PSTCollectionView.h; sourceTree = "<group>"; };
		9AD3AFF61ADF9D5A00963D89 /* PSTCollectionView.m */ = {isa = PBXFileReference; fileEncoding = 4; lastKnownFileType = sourcecode.c.objc; path = PSTCollectionView.m; sourceTree = "<group>"; };
		9AD3AFF71ADF9D5A00963D89 /* PSTCollectionViewCell.h */ = {isa = PBXFileReference; fileEncoding = 4; lastKnownFileType = sourcecode.c.h; path = PSTCollectionViewCell.h; sourceTree = "<group>"; };
		9AD3AFF81ADF9D5A00963D89 /* PSTCollectionViewCell.m */ = {isa = PBXFileReference; fileEncoding = 4; lastKnownFileType = sourcecode.c.objc; path = PSTCollectionViewCell.m; sourceTree = "<group>"; };
		9AD3AFF91ADF9D5A00963D89 /* PSTCollectionViewCommon.h */ = {isa = PBXFileReference; fileEncoding = 4; lastKnownFileType = sourcecode.c.h; path = PSTCollectionViewCommon.h; sourceTree = "<group>"; };
		9AD3AFFA1ADF9D5A00963D89 /* PSTCollectionViewController.h */ = {isa = PBXFileReference; fileEncoding = 4; lastKnownFileType = sourcecode.c.h; path = PSTCollectionViewController.h; sourceTree = "<group>"; };
		9AD3AFFB1ADF9D5A00963D89 /* PSTCollectionViewController.m */ = {isa = PBXFileReference; fileEncoding = 4; lastKnownFileType = sourcecode.c.objc; path = PSTCollectionViewController.m; sourceTree = "<group>"; };
		9AD3AFFC1ADF9D5A00963D89 /* PSTCollectionViewData.h */ = {isa = PBXFileReference; fileEncoding = 4; lastKnownFileType = sourcecode.c.h; path = PSTCollectionViewData.h; sourceTree = "<group>"; };
		9AD3AFFD1ADF9D5A00963D89 /* PSTCollectionViewData.m */ = {isa = PBXFileReference; fileEncoding = 4; lastKnownFileType = sourcecode.c.objc; path = PSTCollectionViewData.m; sourceTree = "<group>"; };
		9AD3AFFE1ADF9D5A00963D89 /* PSTCollectionViewFlowLayout.h */ = {isa = PBXFileReference; fileEncoding = 4; lastKnownFileType = sourcecode.c.h; path = PSTCollectionViewFlowLayout.h; sourceTree = "<group>"; };
		9AD3AFFF1ADF9D5A00963D89 /* PSTCollectionViewFlowLayout.m */ = {isa = PBXFileReference; fileEncoding = 4; lastKnownFileType = sourcecode.c.objc; path = PSTCollectionViewFlowLayout.m; sourceTree = "<group>"; };
		9AD3B0001ADF9D5A00963D89 /* PSTCollectionViewItemKey.h */ = {isa = PBXFileReference; fileEncoding = 4; lastKnownFileType = sourcecode.c.h; path = PSTCollectionViewItemKey.h; sourceTree = "<group>"; };
		9AD3B0011ADF9D5A00963D89 /* PSTCollectionViewItemKey.m */ = {isa = PBXFileReference; fileEncoding = 4; lastKnownFileType = sourcecode.c.objc; path = PSTCollectionViewItemKey.m; sourceTree = "<group>"; };
		9AD3B0021ADF9D5A00963D89 /* PSTCollectionViewLayout+Internals.h */ = {isa = PBXFileReference; fileEncoding = 4; lastKnownFileType = sourcecode.c.h; path = "PSTCollectionViewLayout+Internals.h"; sourceTree = "<group>"; };
		9AD3B0031ADF9D5A00963D89 /* PSTCollectionViewLayout.h */ = {isa = PBXFileReference; fileEncoding = 4; lastKnownFileType = sourcecode.c.h; path = PSTCollectionViewLayout.h; sourceTree = "<group>"; };
		9AD3B0041ADF9D5A00963D89 /* PSTCollectionViewLayout.m */ = {isa = PBXFileReference; fileEncoding = 4; lastKnownFileType = sourcecode.c.objc; path = PSTCollectionViewLayout.m; sourceTree = "<group>"; };
		9AD3B0051ADF9D5A00963D89 /* PSTCollectionViewUpdateItem.h */ = {isa = PBXFileReference; fileEncoding = 4; lastKnownFileType = sourcecode.c.h; path = PSTCollectionViewUpdateItem.h; sourceTree = "<group>"; };
		9AD3B0061ADF9D5A00963D89 /* PSTCollectionViewUpdateItem.m */ = {isa = PBXFileReference; fileEncoding = 4; lastKnownFileType = sourcecode.c.objc; path = PSTCollectionViewUpdateItem.m; sourceTree = "<group>"; };
		9AD3B0071ADF9D5A00963D89 /* PSTGridLayoutInfo.h */ = {isa = PBXFileReference; fileEncoding = 4; lastKnownFileType = sourcecode.c.h; path = PSTGridLayoutInfo.h; sourceTree = "<group>"; };
		9AD3B0081ADF9D5A00963D89 /* PSTGridLayoutInfo.m */ = {isa = PBXFileReference; fileEncoding = 4; lastKnownFileType = sourcecode.c.objc; path = PSTGridLayoutInfo.m; sourceTree = "<group>"; };
		9AD3B0091ADF9D5A00963D89 /* PSTGridLayoutItem.h */ = {isa = PBXFileReference; fileEncoding = 4; lastKnownFileType = sourcecode.c.h; path = PSTGridLayoutItem.h; sourceTree = "<group>"; };
		9AD3B00A1ADF9D5A00963D89 /* PSTGridLayoutItem.m */ = {isa = PBXFileReference; fileEncoding = 4; lastKnownFileType = sourcecode.c.objc; path = PSTGridLayoutItem.m; sourceTree = "<group>"; };
		9AD3B00B1ADF9D5A00963D89 /* PSTGridLayoutRow.h */ = {isa = PBXFileReference; fileEncoding = 4; lastKnownFileType = sourcecode.c.h; path = PSTGridLayoutRow.h; sourceTree = "<group>"; };
		9AD3B00C1ADF9D5A00963D89 /* PSTGridLayoutRow.m */ = {isa = PBXFileReference; fileEncoding = 4; lastKnownFileType = sourcecode.c.objc; path = PSTGridLayoutRow.m; sourceTree = "<group>"; };
		9AD3B00D1ADF9D5A00963D89 /* PSTGridLayoutSection.h */ = {isa = PBXFileReference; fileEncoding = 4; lastKnownFileType = sourcecode.c.h; path = PSTGridLayoutSection.h; sourceTree = "<group>"; };
		9AD3B00E1ADF9D5A00963D89 /* PSTGridLayoutSection.m */ = {isa = PBXFileReference; fileEncoding = 4; lastKnownFileType = sourcecode.c.objc; path = PSTGridLayoutSection.m; sourceTree = "<group>"; };
		9AD3B0101ADF9D5A00963D89 /* NSMutableArray+fifoQueue.h */ = {isa = PBXFileReference; fileEncoding = 4; lastKnownFileType = sourcecode.c.h; path = "NSMutableArray+fifoQueue.h"; sourceTree = "<group>"; };
		9AD3B0111ADF9D5A00963D89 /* NSMutableArray+fifoQueue.m */ = {isa = PBXFileReference; fileEncoding = 4; lastKnownFileType = sourcecode.c.objc; path = "NSMutableArray+fifoQueue.m"; sourceTree = "<group>"; };
		9AD3B0121ADF9D5A00963D89 /* YMS128.c */ = {isa = PBXFileReference; fileEncoding = 4; lastKnownFileType = sourcecode.c.c; path = YMS128.c; sourceTree = "<group>"; };
		9AD3B0131ADF9D5A00963D89 /* YMS128.h */ = {isa = PBXFileReference; fileEncoding = 4; lastKnownFileType = sourcecode.c.h; path = YMS128.h; sourceTree = "<group>"; };
		9AD3B0141ADF9D5A00963D89 /* YMSCBCentralManager.h */ = {isa = PBXFileReference; fileEncoding = 4; lastKnownFileType = sourcecode.c.h; path = YMSCBCentralManager.h; sourceTree = "<group>"; };
		9AD3B0151ADF9D5A00963D89 /* YMSCBCentralManager.m */ = {isa = PBXFileReference; fileEncoding = 4; lastKnownFileType = sourcecode.c.objc; path = YMSCBCentralManager.m; sourceTree = "<group>"; };
		9AD3B0161ADF9D5A00963D89 /* YMSCBCharacteristic.h */ = {isa = PBXFileReference; fileEncoding = 4; lastKnownFileType = sourcecode.c.h; path = YMSCBCharacteristic.h; sourceTree = "<group>"; };
		9AD3B0171ADF9D5A00963D89 /* YMSCBCharacteristic.m */ = {isa = PBXFileReference; fileEncoding = 4; lastKnownFileType = sourcecode.c.objc; path = YMSCBCharacteristic.m; sourceTree = "<group>"; };
		9AD3B0181ADF9D5A00963D89 /* YMSCBDescriptor.h */ = {isa = PBXFileReference; fileEncoding = 4; lastKnownFileType = sourcecode.c.h; path = YMSCBDescriptor.h; sourceTree = "<group>"; };
		9AD3B0191ADF9D5A00963D89 /* YMSCBDescriptor.m */ = {isa = PBXFileReference; fileEncoding = 4; lastKnownFileType = sourcecode.c.objc; path = YMSCBDescriptor.m; sourceTree = "<group>"; };
		9AD3B01A1ADF9D5A00963D89 /* YMSCBPeripheral.h */ = {isa = PBXFileReference; fileEncoding = 4; lastKnownFileType = sourcecode.c.h; path = YMSCBPeripheral.h; sourceTree = "<group>"; };
		9AD3B01B1ADF9D5A00963D89 /* YMSCBPeripheral.m */ = {isa = PBXFileReference; fileEncoding = 4; lastKnownFileType = sourcecode.c.objc; path = YMSCBPeripheral.m; sourceTree = "<group>"; };
		9AD3B01C1ADF9D5A00963D89 /* YMSCBService.h */ = {isa = PBXFileReference; fileEncoding = 4; lastKnownFileType = sourcecode.c.h; path = YMSCBService.h; sourceTree = "<group>"; };
		9AD3B01D1ADF9D5A00963D89 /* YMSCBService.m */ = {isa = PBXFileReference; fileEncoding = 4; lastKnownFileType = sourcecode.c.objc; path = YMSCBService.m; sourceTree = "<group>"; };
		9AD3B01E1ADF9D5A00963D89 /* YMSCBStoredPeripherals.h */ = {isa = PBXFileReference; fileEncoding = 4; lastKnownFileType = sourcecode.c.h; path = YMSCBStoredPeripherals.h; sourceTree = "<group>"; };
		9AD3B01F1ADF9D5A00963D89 /* YMSCBStoredPeripherals.m */ = {isa = PBXFileReference; fileEncoding = 4; lastKnownFileType = sourcecode.c.objc; path = YMSCBStoredPeripherals.m; sourceTree = "<group>"; };
		9AD3B0201ADF9D5A00963D89 /* YMSCBUtils.h */ = {isa = PBXFileReference; fileEncoding = 4; lastKnownFileType = sourcecode.c.h; path = YMSCBUtils.h; sourceTree = "<group>"; };
		9AD3B0211ADF9D5A00963D89 /* YMSCBUtils.m */ = {isa = PBXFileReference; fileEncoding = 4; lastKnownFileType = sourcecode.c.objc; path = YMSCBUtils.m; sourceTree = "<group>"; };
		9AD8A6931AC40A41009BE6A8 /* ImageViewController.h */ = {isa = PBXFileReference; fileEncoding = 4; lastKnownFileType = sourcecode.c.h; path = ImageViewController.h; sourceTree = "<group>"; };
		9AD8A6941AC40A41009BE6A8 /* ImageViewController.m */ = {isa = PBXFileReference; fileEncoding = 4; lastKnownFileType = sourcecode.c.objc; path = ImageViewController.m; sourceTree = "<group>"; };
		9AD8A6961AC40E58009BE6A8 /* CollectionCell.h */ = {isa = PBXFileReference; fileEncoding = 4; lastKnownFileType = sourcecode.c.h; path = CollectionCell.h; sourceTree = "<group>"; };
		9AD8A6971AC40E58009BE6A8 /* CollectionCell.m */ = {isa = PBXFileReference; fileEncoding = 4; lastKnownFileType = sourcecode.c.objc; path = CollectionCell.m; sourceTree = "<group>"; };
		9AE8AC281AFB48DB00B655A9 /* PlanViewController.h */ = {isa = PBXFileReference; fileEncoding = 4; lastKnownFileType = sourcecode.c.h; path = PlanViewController.h; sourceTree = "<group>"; };
		9AE8AC291AFB48DB00B655A9 /* PlanViewController.m */ = {isa = PBXFileReference; fileEncoding = 4; lastKnownFileType = sourcecode.c.objc; path = PlanViewController.m; sourceTree = "<group>"; };
		9AE8AC2D1AFB4A5200B655A9 /* RMSwipeTableViewCell.h */ = {isa = PBXFileReference; fileEncoding = 4; lastKnownFileType = sourcecode.c.h; path = RMSwipeTableViewCell.h; sourceTree = "<group>"; };
		9AE8AC2E1AFB4A5200B655A9 /* RMSwipeTableViewCell.m */ = {isa = PBXFileReference; fileEncoding = 4; lastKnownFileType = sourcecode.c.objc; path = RMSwipeTableViewCell.m; sourceTree = "<group>"; };
		9AE8AC311AFB4AFE00B655A9 /* PlanViewCell.h */ = {isa = PBXFileReference; lastKnownFileType = sourcecode.c.h; path = PlanViewCell.h; sourceTree = "<group>"; };
		9AE8AC321AFB4B0900B655A9 /* PlanViewCell.m */ = {isa = PBXFileReference; fileEncoding = 4; lastKnownFileType = sourcecode.c.objc; path = PlanViewCell.m; sourceTree = "<group>"; };
		9AE8AC341AFB685200B655A9 /* ZTColor.h */ = {isa = PBXFileReference; lastKnownFileType = sourcecode.c.h; path = ZTColor.h; sourceTree = "<group>"; };
		9AE8AC351AFB68EA00B655A9 /* ZTColor.m */ = {isa = PBXFileReference; fileEncoding = 4; lastKnownFileType = sourcecode.c.objc; path = ZTColor.m; sourceTree = "<group>"; };
/* End PBXFileReference section */

/* Begin PBXFrameworksBuildPhase section */
		9AAA31451A67E845001D5B52 /* Frameworks */ = {
			isa = PBXFrameworksBuildPhase;
			buildActionMask = 2147483647;
			files = (
				9AC5E6F71ADF89F400F457DE /* QuartzCore.framework in Frameworks */,
				9A40B1E01A6F71FD003C96D5 /* CoreBluetooth.framework in Frameworks */,
				9AAA32121A67EE37001D5B52 /* Foundation.framework in Frameworks */,
				9AAA32101A67EE11001D5B52 /* CoreGraphics.framework in Frameworks */,
				9AAA320E1A67EDFC001D5B52 /* UIKit.framework in Frameworks */,
			);
			runOnlyForDeploymentPostprocessing = 0;
		};
		9AAA31611A67E845001D5B52 /* Frameworks */ = {
			isa = PBXFrameworksBuildPhase;
			buildActionMask = 2147483647;
			files = (
			);
			runOnlyForDeploymentPostprocessing = 0;
		};
/* End PBXFrameworksBuildPhase section */

/* Begin PBXGroup section */
		9A379EF21A8B547B0002FB5C /* ZTProfile */ = {
			isa = PBXGroup;
			children = (
				9A379F151A8B59920002FB5C /* Services */,
				9A379F321A8B61250002FB5C /* YmsCoreBluetooth.h */,
				9A379EF31A8B55000002FB5C /* ZTCentralManager.h */,
				9A379EF41A8B55000002FB5C /* ZTCentralManager.m */,
				9AC0E71E1A8DE967002D24DD /* ZTCube.h */,
				9AC0E71F1A8DE967002D24DD /* ZTCube.m */,
				9A379EF81A8B56530002FB5C /* TISensorTag.h */,
			);
			name = ZTProfile;
			sourceTree = "<group>";
		};
		9A379F151A8B59920002FB5C /* Services */ = {
			isa = PBXGroup;
			children = (
				9AC0E7211A8DE97D002D24DD /* ZTBaseService.h */,
				9AC0E7221A8DE97D002D24DD /* ZTBaseService.m */,
				9AC0E7231A8DE97D002D24DD /* ZTDeviceInfoService.h */,
				9AC0E7241A8DE97D002D24DD /* ZTDeviceInfoService.m */,
				9AC0E7291A8E1489002D24DD /* ZTBatteryService.h */,
				9AC0E7271A8E145D002D24DD /* ZTBatteryService.m */,
				9AC343F11A92035A00CBE7AF /* ZTProtrackService.h */,
				9AC343F21A92035A00CBE7AF /* ZTProtrackService.m */,
				9AD0C7511AA856C700E32C3D /* ZTProtrackNotify.h */,
				9AD0C7521AA856C700E32C3D /* ZTProtrackNotify.m */,
				9A379F171A8B61130002FB5C /* DEAAccelerometerService.h */,
				9A379F181A8B61130002FB5C /* DEAAccelerometerService.m */,
				9AC90AA81ACBDFD100CA072B /* kfifo.h */,
				9AC90AA91ACBDFEE00CA072B /* kfifo.c */,
			);
			name = Services;
			sourceTree = "<group>";
		};
		9AAA313F1A67E845001D5B52 = {
			isa = PBXGroup;
			children = (
				9AAA314A1A67E845001D5B52 /* cube */,
				9AAA31671A67E845001D5B52 /* cubeTests */,
				9AAA32131A67EE49001D5B52 /* Frameworks */,
				9AAA31491A67E845001D5B52 /* Products */,
			);
			sourceTree = "<group>";
		};
		9AAA31491A67E845001D5B52 /* Products */ = {
			isa = PBXGroup;
			children = (
				9AAA31481A67E845001D5B52 /* cube.app */,
				9AAA31641A67E845001D5B52 /* cubeTests.xctest */,
			);
			name = Products;
			sourceTree = "<group>";
		};
		9AAA314A1A67E845001D5B52 /* cube */ = {
			isa = PBXGroup;
			children = (
				9AD3AFC51ADF9D5A00963D89 /* OpenSource */,
				9A379EF21A8B547B0002FB5C /* ZTProfile */,
				9AAA314F1A67E845001D5B52 /* AppDelegate.h */,
				9AAA31501A67E845001D5B52 /* AppDelegate.m */,
				9AAA31521A67E845001D5B52 /* RecordViewController.h */,
				9AAA31531A67E845001D5B52 /* RecordViewController.m */,
				9AAA31551A67E845001D5B52 /* ScanViewController.h */,
				9AAA31561A67E845001D5B52 /* ScanViewController.m */,
				9AD8A6931AC40A41009BE6A8 /* ImageViewController.h */,
				9AD8A6941AC40A41009BE6A8 /* ImageViewController.m */,
				9AD8A6961AC40E58009BE6A8 /* CollectionCell.h */,
				9AD8A6971AC40E58009BE6A8 /* CollectionCell.m */,
				9AE8AC281AFB48DB00B655A9 /* PlanViewController.h */,
				9AE8AC291AFB48DB00B655A9 /* PlanViewController.m */,
				9AE8AC311AFB4AFE00B655A9 /* PlanViewCell.h */,
				9AE8AC321AFB4B0900B655A9 /* PlanViewCell.m */,
				9AE8AC341AFB685200B655A9 /* ZTColor.h */,
				9AE8AC351AFB68EA00B655A9 /* ZTColor.m */,
				9A3808D91A710810009F3B10 /* DbgMsg.h */,
				9AAA31581A67E845001D5B52 /* Main.storyboard */,
				9AAA315B1A67E845001D5B52 /* Images.xcassets */,
				9AAA315D1A67E845001D5B52 /* LaunchScreen.xib */,
				9AAA314B1A67E845001D5B52 /* Supporting Files */,
			);
			path = cube;
			sourceTree = "<group>";
		};
		9AAA314B1A67E845001D5B52 /* Supporting Files */ = {
			isa = PBXGroup;
			children = (
				9AAA314C1A67E845001D5B52 /* Info.plist */,
				9AAA314D1A67E845001D5B52 /* main.m */,
			);
			name = "Supporting Files";
			sourceTree = "<group>";
		};
		9AAA31671A67E845001D5B52 /* cubeTests */ = {
			isa = PBXGroup;
			children = (
				9AAA316A1A67E845001D5B52 /* cubeTests.m */,
				9AAA31681A67E845001D5B52 /* Supporting Files */,
			);
			path = cubeTests;
			sourceTree = "<group>";
		};
		9AAA31681A67E845001D5B52 /* Supporting Files */ = {
			isa = PBXGroup;
			children = (
				9AAA31691A67E845001D5B52 /* Info.plist */,
			);
			name = "Supporting Files";
			sourceTree = "<group>";
		};
		9AAA32131A67EE49001D5B52 /* Frameworks */ = {
			isa = PBXGroup;
			children = (
				9AC5E6F61ADF89F400F457DE /* QuartzCore.framework */,
				9A40B1DF1A6F71FD003C96D5 /* CoreBluetooth.framework */,
				9AAA320D1A67EDFC001D5B52 /* UIKit.framework */,
				9AAA320F1A67EE11001D5B52 /* CoreGraphics.framework */,
				9AAA32111A67EE37001D5B52 /* Foundation.framework */,
			);
			name = Frameworks;
			path = cube;
			sourceTree = "<group>";
		};
		9AD3AFC51ADF9D5A00963D89 /* OpenSource */ = {
			isa = PBXGroup;
			children = (
				9AD3AFC61ADF9D5A00963D89 /* KLCPopup */,
				9AD3AFC91ADF9D5A00963D89 /* MBProgressHUD */,
				9AD3AFF21ADF9D5A00963D89 /* PSTCollectionView */,
				9AE8AC2B1AFB4A5200B655A9 /* RMSwipeTableViewCell */,
				9AD3B00F1ADF9D5A00963D89 /* YmsCoreBluetooth */,
			);
			path = OpenSource;
			sourceTree = "<group>";
		};
		9AD3AFC61ADF9D5A00963D89 /* KLCPopup */ = {
			isa = PBXGroup;
			children = (
				9AD3AFC71ADF9D5A00963D89 /* KLCPopup.h */,
				9AD3AFC81ADF9D5A00963D89 /* KLCPopup.m */,
			);
			path = KLCPopup;
			sourceTree = "<group>";
		};
		9AD3AFC91ADF9D5A00963D89 /* MBProgressHUD */ = {
			isa = PBXGroup;
			children = (
				9AD3AFEA1ADF9D5A00963D89 /* MBProgressHUD.h */,
				9AD3AFEB1ADF9D5A00963D89 /* MBProgressHUD.m */,
			);
			path = MBProgressHUD;
			sourceTree = "<group>";
		};
		9AD3AFF21ADF9D5A00963D89 /* PSTCollectionView */ = {
			isa = PBXGroup;
			children = (
				9AD3AFF31ADF9D5A00963D89 /* NSIndexPath+PSTCollectionViewAdditions.h */,
				9AD3AFF41ADF9D5A00963D89 /* NSIndexPath+PSTCollectionViewAdditions.m */,
				9AD3AFF51ADF9D5A00963D89 /* PSTCollectionView.h */,
				9AD3AFF61ADF9D5A00963D89 /* PSTCollectionView.m */,
				9AD3AFF71ADF9D5A00963D89 /* PSTCollectionViewCell.h */,
				9AD3AFF81ADF9D5A00963D89 /* PSTCollectionViewCell.m */,
				9AD3AFF91ADF9D5A00963D89 /* PSTCollectionViewCommon.h */,
				9AD3AFFA1ADF9D5A00963D89 /* PSTCollectionViewController.h */,
				9AD3AFFB1ADF9D5A00963D89 /* PSTCollectionViewController.m */,
				9AD3AFFC1ADF9D5A00963D89 /* PSTCollectionViewData.h */,
				9AD3AFFD1ADF9D5A00963D89 /* PSTCollectionViewData.m */,
				9AD3AFFE1ADF9D5A00963D89 /* PSTCollectionViewFlowLayout.h */,
				9AD3AFFF1ADF9D5A00963D89 /* PSTCollectionViewFlowLayout.m */,
				9AD3B0001ADF9D5A00963D89 /* PSTCollectionViewItemKey.h */,
				9AD3B0011ADF9D5A00963D89 /* PSTCollectionViewItemKey.m */,
				9AD3B0021ADF9D5A00963D89 /* PSTCollectionViewLayout+Internals.h */,
				9AD3B0031ADF9D5A00963D89 /* PSTCollectionViewLayout.h */,
				9AD3B0041ADF9D5A00963D89 /* PSTCollectionViewLayout.m */,
				9AD3B0051ADF9D5A00963D89 /* PSTCollectionViewUpdateItem.h */,
				9AD3B0061ADF9D5A00963D89 /* PSTCollectionViewUpdateItem.m */,
				9AD3B0071ADF9D5A00963D89 /* PSTGridLayoutInfo.h */,
				9AD3B0081ADF9D5A00963D89 /* PSTGridLayoutInfo.m */,
				9AD3B0091ADF9D5A00963D89 /* PSTGridLayoutItem.h */,
				9AD3B00A1ADF9D5A00963D89 /* PSTGridLayoutItem.m */,
				9AD3B00B1ADF9D5A00963D89 /* PSTGridLayoutRow.h */,
				9AD3B00C1ADF9D5A00963D89 /* PSTGridLayoutRow.m */,
				9AD3B00D1ADF9D5A00963D89 /* PSTGridLayoutSection.h */,
				9AD3B00E1ADF9D5A00963D89 /* PSTGridLayoutSection.m */,
			);
			path = PSTCollectionView;
			sourceTree = "<group>";
		};
		9AD3B00F1ADF9D5A00963D89 /* YmsCoreBluetooth */ = {
			isa = PBXGroup;
			children = (
				9AD3B0101ADF9D5A00963D89 /* NSMutableArray+fifoQueue.h */,
				9AD3B0111ADF9D5A00963D89 /* NSMutableArray+fifoQueue.m */,
				9AD3B0121ADF9D5A00963D89 /* YMS128.c */,
				9AD3B0131ADF9D5A00963D89 /* YMS128.h */,
				9AD3B0141ADF9D5A00963D89 /* YMSCBCentralManager.h */,
				9AD3B0151ADF9D5A00963D89 /* YMSCBCentralManager.m */,
				9AD3B0161ADF9D5A00963D89 /* YMSCBCharacteristic.h */,
				9AD3B0171ADF9D5A00963D89 /* YMSCBCharacteristic.m */,
				9AD3B0181ADF9D5A00963D89 /* YMSCBDescriptor.h */,
				9AD3B0191ADF9D5A00963D89 /* YMSCBDescriptor.m */,
				9AD3B01A1ADF9D5A00963D89 /* YMSCBPeripheral.h */,
				9AD3B01B1ADF9D5A00963D89 /* YMSCBPeripheral.m */,
				9AD3B01C1ADF9D5A00963D89 /* YMSCBService.h */,
				9AD3B01D1ADF9D5A00963D89 /* YMSCBService.m */,
				9AD3B01E1ADF9D5A00963D89 /* YMSCBStoredPeripherals.h */,
				9AD3B01F1ADF9D5A00963D89 /* YMSCBStoredPeripherals.m */,
				9AD3B0201ADF9D5A00963D89 /* YMSCBUtils.h */,
				9AD3B0211ADF9D5A00963D89 /* YMSCBUtils.m */,
			);
			path = YmsCoreBluetooth;
			sourceTree = "<group>";
		};
		9AE8AC2B1AFB4A5200B655A9 /* RMSwipeTableViewCell */ = {
			isa = PBXGroup;
			children = (
				9AE8AC2D1AFB4A5200B655A9 /* RMSwipeTableViewCell.h */,
				9AE8AC2E1AFB4A5200B655A9 /* RMSwipeTableViewCell.m */,
			);
			path = RMSwipeTableViewCell;
			sourceTree = "<group>";
		};
/* End PBXGroup section */

/* Begin PBXNativeTarget section */
		9AAA31471A67E845001D5B52 /* cube */ = {
			isa = PBXNativeTarget;
			buildConfigurationList = 9AAA316E1A67E845001D5B52 /* Build configuration list for PBXNativeTarget "cube" */;
			buildPhases = (
				9AAA31441A67E845001D5B52 /* Sources */,
				9AAA31451A67E845001D5B52 /* Frameworks */,
				9AAA31461A67E845001D5B52 /* Resources */,
			);
			buildRules = (
			);
			dependencies = (
			);
			name = cube;
			productName = cube;
			productReference = 9AAA31481A67E845001D5B52 /* cube.app */;
			productType = "com.apple.product-type.application";
		};
		9AAA31631A67E845001D5B52 /* cubeTests */ = {
			isa = PBXNativeTarget;
			buildConfigurationList = 9AAA31711A67E845001D5B52 /* Build configuration list for PBXNativeTarget "cubeTests" */;
			buildPhases = (
				9AAA31601A67E845001D5B52 /* Sources */,
				9AAA31611A67E845001D5B52 /* Frameworks */,
				9AAA31621A67E845001D5B52 /* Resources */,
			);
			buildRules = (
			);
			dependencies = (
				9AAA31661A67E845001D5B52 /* PBXTargetDependency */,
			);
			name = cubeTests;
			productName = cubeTests;
			productReference = 9AAA31641A67E845001D5B52 /* cubeTests.xctest */;
			productType = "com.apple.product-type.bundle.unit-test";
		};
/* End PBXNativeTarget section */

/* Begin PBXProject section */
		9AAA31401A67E845001D5B52 /* Project object */ = {
			isa = PBXProject;
			attributes = {
				LastUpgradeCheck = 0610;
				ORGANIZATIONNAME = Zealtek;
				TargetAttributes = {
					9AAA31471A67E845001D5B52 = {
						CreatedOnToolsVersion = 6.1.1;
						DevelopmentTeam = 4M8S7GUF3Y;
						SystemCapabilities = {
							com.apple.BackgroundModes = {
								enabled = 0;
							};
						};
					};
					9AAA31631A67E845001D5B52 = {
						CreatedOnToolsVersion = 6.1.1;
						TestTargetID = 9AAA31471A67E845001D5B52;
					};
				};
			};
			buildConfigurationList = 9AAA31431A67E845001D5B52 /* Build configuration list for PBXProject "cube" */;
			compatibilityVersion = "Xcode 3.2";
			developmentRegion = English;
			hasScannedForEncodings = 0;
			knownRegions = (
				en,
				Base,
			);
			mainGroup = 9AAA313F1A67E845001D5B52;
			productRefGroup = 9AAA31491A67E845001D5B52 /* Products */;
			projectDirPath = "";
			projectRoot = "";
			targets = (
				9AAA31471A67E845001D5B52 /* cube */,
				9AAA31631A67E845001D5B52 /* cubeTests */,
			);
		};
/* End PBXProject section */

/* Begin PBXResourcesBuildPhase section */
		9AAA31461A67E845001D5B52 /* Resources */ = {
			isa = PBXResourcesBuildPhase;
			buildActionMask = 2147483647;
			files = (
				9AAA315A1A67E845001D5B52 /* Main.storyboard in Resources */,
				9AAA315F1A67E845001D5B52 /* LaunchScreen.xib in Resources */,
				9AAA315C1A67E845001D5B52 /* Images.xcassets in Resources */,
			);
			runOnlyForDeploymentPostprocessing = 0;
		};
		9AAA31621A67E845001D5B52 /* Resources */ = {
			isa = PBXResourcesBuildPhase;
			buildActionMask = 2147483647;
			files = (
			);
			runOnlyForDeploymentPostprocessing = 0;
		};
/* End PBXResourcesBuildPhase section */

/* Begin PBXSourcesBuildPhase section */
		9AAA31441A67E845001D5B52 /* Sources */ = {
			isa = PBXSourcesBuildPhase;
			buildActionMask = 2147483647;
			files = (
				9AD3B03E1ADF9D5A00963D89 /* PSTCollectionViewController.m in Sources */,
				9AE8AC331AFB4B0900B655A9 /* PlanViewCell.m in Sources */,
				9AD3B04C1ADF9D5A00963D89 /* YMSCBDescriptor.m in Sources */,
				9AC90AAA1ACBDFEE00CA072B /* kfifo.c in Sources */,
				9A379EF51A8B55000002FB5C /* ZTCentralManager.m in Sources */,
				9AC0E7251A8DE97D002D24DD /* ZTBaseService.m in Sources */,
				9AC0E7281A8E145D002D24DD /* ZTBatteryService.m in Sources */,
				9AD3B03C1ADF9D5A00963D89 /* PSTCollectionView.m in Sources */,
				9AD3B04A1ADF9D5A00963D89 /* YMSCBCentralManager.m in Sources */,
				9AD3B0221ADF9D5A00963D89 /* KLCPopup.m in Sources */,
				9AD3B03B1ADF9D5A00963D89 /* NSIndexPath+PSTCollectionViewAdditions.m in Sources */,
				9AD3B0501ADF9D5A00963D89 /* YMSCBUtils.m in Sources */,
				9AD8A6951AC40A41009BE6A8 /* ImageViewController.m in Sources */,
				9AD3B0491ADF9D5A00963D89 /* YMS128.c in Sources */,
				9AD3B04E1ADF9D5A00963D89 /* YMSCBService.m in Sources */,
				9AD3B0411ADF9D5A00963D89 /* PSTCollectionViewItemKey.m in Sources */,
				9AE8AC361AFB68EA00B655A9 /* ZTColor.m in Sources */,
				9AD3B0471ADF9D5A00963D89 /* PSTGridLayoutSection.m in Sources */,
				9AAA31571A67E845001D5B52 /* ScanViewController.m in Sources */,
				9AD3B04D1ADF9D5A00963D89 /* YMSCBPeripheral.m in Sources */,
				9AAA31511A67E845001D5B52 /* AppDelegate.m in Sources */,
				9AD3B04B1ADF9D5A00963D89 /* YMSCBCharacteristic.m in Sources */,
				9A379F291A8B61130002FB5C /* DEAAccelerometerService.m in Sources */,
				9AC0E7201A8DE967002D24DD /* ZTCube.m in Sources */,
				9AD3B0451ADF9D5A00963D89 /* PSTGridLayoutItem.m in Sources */,
				9AD3B0371ADF9D5A00963D89 /* MBProgressHUD.m in Sources */,
				9AD3B0461ADF9D5A00963D89 /* PSTGridLayoutRow.m in Sources */,
				9AD0C7531AA856C700E32C3D /* ZTProtrackNotify.m in Sources */,
				9AD3B0481ADF9D5A00963D89 /* NSMutableArray+fifoQueue.m in Sources */,
				9AD3B0421ADF9D5A00963D89 /* PSTCollectionViewLayout.m in Sources */,
				9AD3B0441ADF9D5A00963D89 /* PSTGridLayoutInfo.m in Sources */,
				9AC0E7261A8DE97D002D24DD /* ZTDeviceInfoService.m in Sources */,
				9AD3B03F1ADF9D5A00963D89 /* PSTCollectionViewData.m in Sources */,
				9AD3B04F1ADF9D5A00963D89 /* YMSCBStoredPeripherals.m in Sources */,
				9AD3B0431ADF9D5A00963D89 /* PSTCollectionViewUpdateItem.m in Sources */,
				9AE8AC2A1AFB48DB00B655A9 /* PlanViewController.m in Sources */,
				9AD8A6981AC40E58009BE6A8 /* CollectionCell.m in Sources */,
				9AAA31541A67E845001D5B52 /* RecordViewController.m in Sources */,
				9AE8AC301AFB4A5200B655A9 /* RMSwipeTableViewCell.m in Sources */,
				9AD3B0401ADF9D5A00963D89 /* PSTCollectionViewFlowLayout.m in Sources */,
				9AD3B03D1ADF9D5A00963D89 /* PSTCollectionViewCell.m in Sources */,
				9AC343F31A92035A00CBE7AF /* ZTProtrackService.m in Sources */,
				9AAA314E1A67E845001D5B52 /* main.m in Sources */,
			);
			runOnlyForDeploymentPostprocessing = 0;
		};
		9AAA31601A67E845001D5B52 /* Sources */ = {
			isa = PBXSourcesBuildPhase;
			buildActionMask = 2147483647;
			files = (
				9AAA316B1A67E845001D5B52 /* cubeTests.m in Sources */,
			);
			runOnlyForDeploymentPostprocessing = 0;
		};
/* End PBXSourcesBuildPhase section */

/* Begin PBXTargetDependency section */
		9AAA31661A67E845001D5B52 /* PBXTargetDependency */ = {
			isa = PBXTargetDependency;
			target = 9AAA31471A67E845001D5B52 /* cube */;
			targetProxy = 9AAA31651A67E845001D5B52 /* PBXContainerItemProxy */;
		};
/* End PBXTargetDependency section */

/* Begin PBXVariantGroup section */
		9AAA31581A67E845001D5B52 /* Main.storyboard */ = {
			isa = PBXVariantGroup;
			children = (
				9AAA31591A67E845001D5B52 /* Base */,
			);
			name = Main.storyboard;
			sourceTree = "<group>";
		};
		9AAA315D1A67E845001D5B52 /* LaunchScreen.xib */ = {
			isa = PBXVariantGroup;
			children = (
				9AAA315E1A67E845001D5B52 /* Base */,
			);
			name = LaunchScreen.xib;
			sourceTree = "<group>";
		};
/* End PBXVariantGroup section */

/* Begin XCBuildConfiguration section */
		9AAA316C1A67E845001D5B52 /* Debug */ = {
			isa = XCBuildConfiguration;
			buildSettings = {
				ALWAYS_SEARCH_USER_PATHS = NO;
				CLANG_CXX_LANGUAGE_STANDARD = "gnu++0x";
				CLANG_CXX_LIBRARY = "libc++";
				CLANG_ENABLE_MODULES = YES;
				CLANG_ENABLE_OBJC_ARC = YES;
				CLANG_WARN_BOOL_CONVERSION = YES;
				CLANG_WARN_CONSTANT_CONVERSION = YES;
				CLANG_WARN_DIRECT_OBJC_ISA_USAGE = YES_ERROR;
				CLANG_WARN_EMPTY_BODY = YES;
				CLANG_WARN_ENUM_CONVERSION = YES;
				CLANG_WARN_INT_CONVERSION = YES;
				CLANG_WARN_OBJC_ROOT_CLASS = YES_ERROR;
				CLANG_WARN_UNREACHABLE_CODE = YES;
				CLANG_WARN__DUPLICATE_METHOD_MATCH = YES;
				"CODE_SIGN_IDENTITY[sdk=iphoneos*]" = "iPhone Developer";
				COPY_PHASE_STRIP = NO;
				ENABLE_STRICT_OBJC_MSGSEND = YES;
				GCC_C_LANGUAGE_STANDARD = gnu99;
				GCC_DYNAMIC_NO_PIC = NO;
				GCC_OPTIMIZATION_LEVEL = 0;
				GCC_PREPROCESSOR_DEFINITIONS = (
					"DEBUG=1",
					"$(inherited)",
				);
				GCC_SYMBOLS_PRIVATE_EXTERN = NO;
				GCC_WARN_64_TO_32_BIT_CONVERSION = YES;
				GCC_WARN_ABOUT_RETURN_TYPE = YES_ERROR;
				GCC_WARN_UNDECLARED_SELECTOR = YES;
				GCC_WARN_UNINITIALIZED_AUTOS = YES_AGGRESSIVE;
				GCC_WARN_UNUSED_FUNCTION = YES;
				GCC_WARN_UNUSED_VARIABLE = YES;
				IPHONEOS_DEPLOYMENT_TARGET = 8.1;
				MTL_ENABLE_DEBUG_INFO = YES;
				ONLY_ACTIVE_ARCH = YES;
				SDKROOT = iphoneos;
				TARGETED_DEVICE_FAMILY = "1,2";
			};
			name = Debug;
		};
		9AAA316D1A67E845001D5B52 /* Release */ = {
			isa = XCBuildConfiguration;
			buildSettings = {
				ALWAYS_SEARCH_USER_PATHS = NO;
				CLANG_CXX_LANGUAGE_STANDARD = "gnu++0x";
				CLANG_CXX_LIBRARY = "libc++";
				CLANG_ENABLE_MODULES = YES;
				CLANG_ENABLE_OBJC_ARC = YES;
				CLANG_WARN_BOOL_CONVERSION = YES;
				CLANG_WARN_CONSTANT_CONVERSION = YES;
				CLANG_WARN_DIRECT_OBJC_ISA_USAGE = YES_ERROR;
				CLANG_WARN_EMPTY_BODY = YES;
				CLANG_WARN_ENUM_CONVERSION = YES;
				CLANG_WARN_INT_CONVERSION = YES;
				CLANG_WARN_OBJC_ROOT_CLASS = YES_ERROR;
				CLANG_WARN_UNREACHABLE_CODE = YES;
				CLANG_WARN__DUPLICATE_METHOD_MATCH = YES;
				"CODE_SIGN_IDENTITY[sdk=iphoneos*]" = "iPhone Developer";
				COPY_PHASE_STRIP = YES;
				ENABLE_NS_ASSERTIONS = NO;
				ENABLE_STRICT_OBJC_MSGSEND = YES;
				GCC_C_LANGUAGE_STANDARD = gnu99;
				GCC_WARN_64_TO_32_BIT_CONVERSION = YES;
				GCC_WARN_ABOUT_RETURN_TYPE = YES_ERROR;
				GCC_WARN_UNDECLARED_SELECTOR = YES;
				GCC_WARN_UNINITIALIZED_AUTOS = YES_AGGRESSIVE;
				GCC_WARN_UNUSED_FUNCTION = YES;
				GCC_WARN_UNUSED_VARIABLE = YES;
				IPHONEOS_DEPLOYMENT_TARGET = 8.1;
				MTL_ENABLE_DEBUG_INFO = NO;
				SDKROOT = iphoneos;
				TARGETED_DEVICE_FAMILY = "1,2";
				VALIDATE_PRODUCT = YES;
			};
			name = Release;
		};
		9AAA316F1A67E845001D5B52 /* Debug */ = {
			isa = XCBuildConfiguration;
			buildSettings = {
				ASSETCATALOG_COMPILER_APPICON_NAME = AppIcon;
				CODE_SIGN_IDENTITY = "iPhone Developer";
				INFOPLIST_FILE = cube/Info.plist;
				IPHONEOS_DEPLOYMENT_TARGET = 7.0;
				LD_RUNPATH_SEARCH_PATHS = "$(inherited) @executable_path/Frameworks";
				PRODUCT_NAME = cube;
			};
			name = Debug;
		};
		9AAA31701A67E845001D5B52 /* Release */ = {
			isa = XCBuildConfiguration;
			buildSettings = {
				ASSETCATALOG_COMPILER_APPICON_NAME = AppIcon;
				CODE_SIGN_IDENTITY = "iPhone Developer";
				INFOPLIST_FILE = cube/Info.plist;
				IPHONEOS_DEPLOYMENT_TARGET = 7.0;
				LD_RUNPATH_SEARCH_PATHS = "$(inherited) @executable_path/Frameworks";
				PRODUCT_NAME = cube;
			};
			name = Release;
		};
		9AAA31721A67E845001D5B52 /* Debug */ = {
			isa = XCBuildConfiguration;
			buildSettings = {
				BUNDLE_LOADER = "$(TEST_HOST)";
				FRAMEWORK_SEARCH_PATHS = (
					"$(SDKROOT)/Developer/Library/Frameworks",
					"$(inherited)",
				);
				GCC_PREPROCESSOR_DEFINITIONS = (
					"DEBUG=1",
					"$(inherited)",
				);
				INFOPLIST_FILE = cubeTests/Info.plist;
				LD_RUNPATH_SEARCH_PATHS = "$(inherited) @executable_path/Frameworks @loader_path/Frameworks";
				PRODUCT_NAME = cubeTests;
				TEST_HOST = "$(BUILT_PRODUCTS_DIR)/cube.app/cube";
			};
			name = Debug;
		};
		9AAA31731A67E845001D5B52 /* Release */ = {
			isa = XCBuildConfiguration;
			buildSettings = {
				BUNDLE_LOADER = "$(TEST_HOST)";
				FRAMEWORK_SEARCH_PATHS = (
					"$(SDKROOT)/Developer/Library/Frameworks",
					"$(inherited)",
				);
				INFOPLIST_FILE = cubeTests/Info.plist;
				LD_RUNPATH_SEARCH_PATHS = "$(inherited) @executable_path/Frameworks @loader_path/Frameworks";
				PRODUCT_NAME = cubeTests;
				TEST_HOST = "$(BUILT_PRODUCTS_DIR)/cube.app/cube";
			};
			name = Release;
		};
/* End XCBuildConfiguration section */

/* Begin XCConfigurationList section */
		9AAA31431A67E845001D5B52 /* Build configuration list for PBXProject "cube" */ = {
			isa = XCConfigurationList;
			buildConfigurations = (
				9AAA316C1A67E845001D5B52 /* Debug */,
				9AAA316D1A67E845001D5B52 /* Release */,
			);
			defaultConfigurationIsVisible = 0;
			defaultConfigurationName = Release;
		};
		9AAA316E1A67E845001D5B52 /* Build configuration list for PBXNativeTarget "cube" */ = {
			isa = XCConfigurationList;
			buildConfigurations = (
				9AAA316F1A67E845001D5B52 /* Debug */,
				9AAA31701A67E845001D5B52 /* Release */,
			);
			defaultConfigurationIsVisible = 0;
			defaultConfigurationName = Release;
		};
		9AAA31711A67E845001D5B52 /* Build configuration list for PBXNativeTarget "cubeTests" */ = {
			isa = XCConfigurationList;
			buildConfigurations = (
				9AAA31721A67E845001D5B52 /* Debug */,
				9AAA31731A67E845001D5B52 /* Release */,
			);
			defaultConfigurationIsVisible = 0;
			defaultConfigurationName = Release;
		};
/* End XCConfigurationList section */
	};
	rootObject = 9AAA31401A67E845001D5B52 /* Project object */;
}
